// !$*UTF8*$!
{
	archiveVersion = 1;
	classes = {
	};
	objectVersion = 56;
	objects = {

/* Begin PBXBuildFile section */
		EB36C7CD2AE5BFC20090A2D0 /* SignInView.swift in Sources */ = {isa = PBXBuildFile; fileRef = EB36C7CC2AE5BFC20090A2D0 /* SignInView.swift */; };
		EB36C7CF2AE5BFF60090A2D0 /* AuthenticationModel.swift in Sources */ = {isa = PBXBuildFile; fileRef = EB36C7CE2AE5BFF60090A2D0 /* AuthenticationModel.swift */; };
		EB36C7D42AE5C0F80090A2D0 /* ProfileScreenView.swift in Sources */ = {isa = PBXBuildFile; fileRef = EB36C7D32AE5C0F80090A2D0 /* ProfileScreenView.swift */; };
		EB36C7D72AE5C1630090A2D0 /* AuthenticationManager.swift in Sources */ = {isa = PBXBuildFile; fileRef = EB36C7D62AE5C1630090A2D0 /* AuthenticationManager.swift */; };
		EB36C7D92AE5C1AC0090A2D0 /* UserManager.swift in Sources */ = {isa = PBXBuildFile; fileRef = EB36C7D82AE5C1AC0090A2D0 /* UserManager.swift */; };
		EB3DB3A22B30C19B005F9397 /* FetchedInterviewModel.swift in Sources */ = {isa = PBXBuildFile; fileRef = EB3DB3A12B30C19B005F9397 /* FetchedInterviewModel.swift */; };
		EB3DB3A42B339E9F005F9397 /* ProfileTopView.swift in Sources */ = {isa = PBXBuildFile; fileRef = EB3DB3A32B339E9F005F9397 /* ProfileTopView.swift */; };
		EB3DB3A62B34F230005F9397 /* FirebaseStorage in Frameworks */ = {isa = PBXBuildFile; productRef = EB3DB3A52B34F230005F9397 /* FirebaseStorage */; };
		EB3DB3A82B360028005F9397 /* ProfileTabsView.swift in Sources */ = {isa = PBXBuildFile; fileRef = EB3DB3A72B360028005F9397 /* ProfileTabsView.swift */; };
		EB46799B2AC0DBF00026ACC3 /* job_hunterApp.swift in Sources */ = {isa = PBXBuildFile; fileRef = EB46799A2AC0DBF00026ACC3 /* job_hunterApp.swift */; };
		EB46799D2AC0DBF00026ACC3 /* ContentView.swift in Sources */ = {isa = PBXBuildFile; fileRef = EB46799C2AC0DBF00026ACC3 /* ContentView.swift */; };
		EB46799F2AC0DBF20026ACC3 /* Assets.xcassets in Resources */ = {isa = PBXBuildFile; fileRef = EB46799E2AC0DBF20026ACC3 /* Assets.xcassets */; };
		EB4679A22AC0DBF20026ACC3 /* Preview Assets.xcassets in Resources */ = {isa = PBXBuildFile; fileRef = EB4679A12AC0DBF20026ACC3 /* Preview Assets.xcassets */; };
		EB4679AF2AC0E2EE0026ACC3 /* HomeScreenView.swift in Sources */ = {isa = PBXBuildFile; fileRef = EB4679AE2AC0E2EE0026ACC3 /* HomeScreenView.swift */; };
		EB4679E42AC1F2E00026ACC3 /* InterviewDetail.swift in Sources */ = {isa = PBXBuildFile; fileRef = EB4679E32AC1F2E00026ACC3 /* InterviewDetail.swift */; };
		EB4679E62AC9F63E0026ACC3 /* BasicFields.swift in Sources */ = {isa = PBXBuildFile; fileRef = EB4679E52AC9F63E0026ACC3 /* BasicFields.swift */; };
		EB4679E82ACCB5AF0026ACC3 /* MainScreenView.swift in Sources */ = {isa = PBXBuildFile; fileRef = EB4679E72ACCB5AF0026ACC3 /* MainScreenView.swift */; };
		EB4679F72ACE610B0026ACC3 /* CirclePlusAddButton.swift in Sources */ = {isa = PBXBuildFile; fileRef = EB4679F62ACE610B0026ACC3 /* CirclePlusAddButton.swift */; };
		EB4679FA2ACF1E7E0026ACC3 /* AddingScreenView.swift in Sources */ = {isa = PBXBuildFile; fileRef = EB4679F92ACF1E7E0026ACC3 /* AddingScreenView.swift */; };
		EB4679FC2ACF1E930026ACC3 /* AddSucceedScreen.swift in Sources */ = {isa = PBXBuildFile; fileRef = EB4679FB2ACF1E930026ACC3 /* AddSucceedScreen.swift */; };
		EB467A022ACF424A0026ACC3 /* AddInterviewModel.swift in Sources */ = {isa = PBXBuildFile; fileRef = EB467A012ACF424A0026ACC3 /* AddInterviewModel.swift */; };
		EB4E111A2B0B0CAC003D3764 /* VisaSponsorSection.swift in Sources */ = {isa = PBXBuildFile; fileRef = EB4E11192B0B0CAC003D3764 /* VisaSponsorSection.swift */; };
		EB4E111C2B0B0CF8003D3764 /* SalarySection.swift in Sources */ = {isa = PBXBuildFile; fileRef = EB4E111B2B0B0CF8003D3764 /* SalarySection.swift */; };
		EB4E111E2B0C6A09003D3764 /* AddInterviewButton.swift in Sources */ = {isa = PBXBuildFile; fileRef = EB4E111D2B0C6A09003D3764 /* AddInterviewButton.swift */; };
		EB4E11202B0E89D9003D3764 /* IndexScreen.swift in Sources */ = {isa = PBXBuildFile; fileRef = EB4E111F2B0E89D9003D3764 /* IndexScreen.swift */; };
		EB4E11222B0E9B01003D3764 /* FirestoreInterviewDataManager.swift in Sources */ = {isa = PBXBuildFile; fileRef = EB4E11212B0E9B01003D3764 /* FirestoreInterviewDataManager.swift */; };
		EB5322C02ADC62CC00004E9C /* VisualEffectView.swift in Sources */ = {isa = PBXBuildFile; fileRef = EB5322BF2ADC62CC00004E9C /* VisualEffectView.swift */; };
		EB5322C22ADC646100004E9C /* AsyncImageView.swift in Sources */ = {isa = PBXBuildFile; fileRef = EB5322C12ADC646100004E9C /* AsyncImageView.swift */; };
		EB5322C42ADC76EA00004E9C /* ClearbitViewModel.swift in Sources */ = {isa = PBXBuildFile; fileRef = EB5322C32ADC76EA00004E9C /* ClearbitViewModel.swift */; };
		EB5322C62ADC772300004E9C /* CustomizedTextField.swift in Sources */ = {isa = PBXBuildFile; fileRef = EB5322C52ADC772300004E9C /* CustomizedTextField.swift */; };
		EB5322C82ADDB2FC00004E9C /* GoogleService-Info.plist in Resources */ = {isa = PBXBuildFile; fileRef = EB5322C72ADDB2FC00004E9C /* GoogleService-Info.plist */; };
		EB53230A2ADDBA9C00004E9C /* FirebaseAppCheck in Frameworks */ = {isa = PBXBuildFile; productRef = EB5323092ADDBA9C00004E9C /* FirebaseAppCheck */; };
		EB5323122ADDBA9C00004E9C /* FirebaseCrashlytics in Frameworks */ = {isa = PBXBuildFile; productRef = EB5323112ADDBA9C00004E9C /* FirebaseCrashlytics */; };
		EB5323182ADDBA9C00004E9C /* FirebaseDynamicLinks in Frameworks */ = {isa = PBXBuildFile; productRef = EB5323172ADDBA9C00004E9C /* FirebaseDynamicLinks */; };
		EB53231A2ADDBA9C00004E9C /* FirebaseFirestore in Frameworks */ = {isa = PBXBuildFile; productRef = EB5323192ADDBA9C00004E9C /* FirebaseFirestore */; };
		EB53231E2ADDBA9C00004E9C /* FirebaseFirestoreSwift in Frameworks */ = {isa = PBXBuildFile; productRef = EB53231D2ADDBA9C00004E9C /* FirebaseFirestoreSwift */; };
		EB5323282ADDBA9C00004E9C /* FirebaseInstallations in Frameworks */ = {isa = PBXBuildFile; productRef = EB5323272ADDBA9C00004E9C /* FirebaseInstallations */; };
		EB53232E2ADDBA9C00004E9C /* FirebasePerformance in Frameworks */ = {isa = PBXBuildFile; productRef = EB53232D2ADDBA9C00004E9C /* FirebasePerformance */; };
		EB5D062A2AE1B80B00C7A94B /* FirebaseAuth in Frameworks */ = {isa = PBXBuildFile; productRef = EB5D06292AE1B80B00C7A94B /* FirebaseAuth */; };
		EB5D062C2AE1D43700C7A94B /* BottomNavigationView.swift in Sources */ = {isa = PBXBuildFile; fileRef = EB5D062B2AE1D43700C7A94B /* BottomNavigationView.swift */; };
		EB5F20A02AD1D7450096C9A3 /* DebugView.swift in Sources */ = {isa = PBXBuildFile; fileRef = EB5F209F2AD1D7450096C9A3 /* DebugView.swift */; };
		EB5F20A22AD262720096C9A3 /* BlurView.swift in Sources */ = {isa = PBXBuildFile; fileRef = EB5F20A12AD262720096C9A3 /* BlurView.swift */; };
		EB5F20AA2AD348940096C9A3 /* CardView.swift in Sources */ = {isa = PBXBuildFile; fileRef = EB5F20A92AD348940096C9A3 /* CardView.swift */; };
		EB5F20AC2AD34D430096C9A3 /* Utilities.swift in Sources */ = {isa = PBXBuildFile; fileRef = EB5F20AB2AD34D430096C9A3 /* Utilities.swift */; };
		EB6C29132AFAECD300B66BFA /* AddInterviewManager.swift in Sources */ = {isa = PBXBuildFile; fileRef = EB6C29122AFAECD300B66BFA /* AddInterviewManager.swift */; };
		EB8F91832B000DE00081F398 /* PastRounds.swift in Sources */ = {isa = PBXBuildFile; fileRef = EB8F91822B000DE00081F398 /* PastRounds.swift */; };
		EB8F91852B0011820081F398 /* FutureRounds.swift in Sources */ = {isa = PBXBuildFile; fileRef = EB8F91842B0011820081F398 /* FutureRounds.swift */; };
		EBA751892AE2F593008247CD /* ResetPasswordView.swift in Sources */ = {isa = PBXBuildFile; fileRef = EBA751882AE2F593008247CD /* ResetPasswordView.swift */; };
		EBB11A782ADF6CA3002AAFDE /* SignUpEmailView.swift in Sources */ = {isa = PBXBuildFile; fileRef = EBB11A772ADF6CA3002AAFDE /* SignUpEmailView.swift */; };
		EBB11A7C2AE08495002AAFDE /* AuthenticationMainScreen.swift in Sources */ = {isa = PBXBuildFile; fileRef = EBB11A7B2AE08495002AAFDE /* AuthenticationMainScreen.swift */; };
		EBB11A7E2AE0D8D5002AAFDE /* SignOutView.swift in Sources */ = {isa = PBXBuildFile; fileRef = EBB11A7D2AE0D8D5002AAFDE /* SignOutView.swift */; };
		EBB11A812AE0D9B7002AAFDE /* DefaultTextField.swift in Sources */ = {isa = PBXBuildFile; fileRef = EBB11A802AE0D9B7002AAFDE /* DefaultTextField.swift */; };
		EBD35D3F2AD64EC00076BE33 /* CardFooterView.swift in Sources */ = {isa = PBXBuildFile; fileRef = EBD35D3E2AD64EBF0076BE33 /* CardFooterView.swift */; };
		EBD35D412AD6FDD00076BE33 /* PostionDetailSection.swift in Sources */ = {isa = PBXBuildFile; fileRef = EBD35D402AD6FDD00076BE33 /* PostionDetailSection.swift */; };
		EBD35D432AD71BAE0076BE33 /* NumericInput.swift in Sources */ = {isa = PBXBuildFile; fileRef = EBD35D422AD71BAE0076BE33 /* NumericInput.swift */; };
		EBD35D472AD7583D0076BE33 /* CoreModel.swift in Sources */ = {isa = PBXBuildFile; fileRef = EBD35D462AD7583D0076BE33 /* CoreModel.swift */; };
		EBD35D492AD9BF440076BE33 /* DownloadImagesAsync.swift in Sources */ = {isa = PBXBuildFile; fileRef = EBD35D482AD9BF440076BE33 /* DownloadImagesAsync.swift */; };
		EBD35D4B2ADA49E60076BE33 /* Debouncer.swift in Sources */ = {isa = PBXBuildFile; fileRef = EBD35D4A2ADA49E60076BE33 /* Debouncer.swift */; };
		EBED85A52ADAF90A00F25636 /* DropdownMenu.swift in Sources */ = {isa = PBXBuildFile; fileRef = EBED85A42ADAF90A00F25636 /* DropdownMenu.swift */; };
		EBED85A72ADB05B300F25636 /* DropdownMenuList.swift in Sources */ = {isa = PBXBuildFile; fileRef = EBED85A62ADB05B300F25636 /* DropdownMenuList.swift */; };
		EBED85A92ADB0BF200F25636 /* DropdownMenuOptionRow.swift in Sources */ = {isa = PBXBuildFile; fileRef = EBED85A82ADB0BF200F25636 /* DropdownMenuOptionRow.swift */; };
/* End PBXBuildFile section */

/* Begin PBXFileReference section */
		EB36C7CC2AE5BFC20090A2D0 /* SignInView.swift */ = {isa = PBXFileReference; lastKnownFileType = sourcecode.swift; path = SignInView.swift; sourceTree = "<group>"; };
		EB36C7CE2AE5BFF60090A2D0 /* AuthenticationModel.swift */ = {isa = PBXFileReference; lastKnownFileType = sourcecode.swift; path = AuthenticationModel.swift; sourceTree = "<group>"; };
		EB36C7D32AE5C0F80090A2D0 /* ProfileScreenView.swift */ = {isa = PBXFileReference; lastKnownFileType = sourcecode.swift; path = ProfileScreenView.swift; sourceTree = "<group>"; };
		EB36C7D62AE5C1630090A2D0 /* AuthenticationManager.swift */ = {isa = PBXFileReference; lastKnownFileType = sourcecode.swift; path = AuthenticationManager.swift; sourceTree = "<group>"; };
		EB36C7D82AE5C1AC0090A2D0 /* UserManager.swift */ = {isa = PBXFileReference; lastKnownFileType = sourcecode.swift; path = UserManager.swift; sourceTree = "<group>"; };
		EB3DB3A12B30C19B005F9397 /* FetchedInterviewModel.swift */ = {isa = PBXFileReference; lastKnownFileType = sourcecode.swift; path = FetchedInterviewModel.swift; sourceTree = "<group>"; };
		EB3DB3A32B339E9F005F9397 /* ProfileTopView.swift */ = {isa = PBXFileReference; lastKnownFileType = sourcecode.swift; path = ProfileTopView.swift; sourceTree = "<group>"; };
		EB3DB3A72B360028005F9397 /* ProfileTabsView.swift */ = {isa = PBXFileReference; lastKnownFileType = sourcecode.swift; path = ProfileTabsView.swift; sourceTree = "<group>"; };
		EB4679972AC0DBF00026ACC3 /* job hunter.app */ = {isa = PBXFileReference; explicitFileType = wrapper.application; includeInIndex = 0; path = "job hunter.app"; sourceTree = BUILT_PRODUCTS_DIR; };
		EB46799A2AC0DBF00026ACC3 /* job_hunterApp.swift */ = {isa = PBXFileReference; lastKnownFileType = sourcecode.swift; path = job_hunterApp.swift; sourceTree = "<group>"; };
		EB46799C2AC0DBF00026ACC3 /* ContentView.swift */ = {isa = PBXFileReference; lastKnownFileType = sourcecode.swift; path = ContentView.swift; sourceTree = "<group>"; };
		EB46799E2AC0DBF20026ACC3 /* Assets.xcassets */ = {isa = PBXFileReference; lastKnownFileType = folder.assetcatalog; path = Assets.xcassets; sourceTree = "<group>"; };
		EB4679A12AC0DBF20026ACC3 /* Preview Assets.xcassets */ = {isa = PBXFileReference; lastKnownFileType = folder.assetcatalog; path = "Preview Assets.xcassets"; sourceTree = "<group>"; };
		EB4679AE2AC0E2EE0026ACC3 /* HomeScreenView.swift */ = {isa = PBXFileReference; lastKnownFileType = sourcecode.swift; path = HomeScreenView.swift; sourceTree = "<group>"; };
		EB4679E32AC1F2E00026ACC3 /* InterviewDetail.swift */ = {isa = PBXFileReference; lastKnownFileType = sourcecode.swift; path = InterviewDetail.swift; sourceTree = "<group>"; };
		EB4679E52AC9F63E0026ACC3 /* BasicFields.swift */ = {isa = PBXFileReference; lastKnownFileType = sourcecode.swift; path = BasicFields.swift; sourceTree = "<group>"; };
		EB4679E72ACCB5AF0026ACC3 /* MainScreenView.swift */ = {isa = PBXFileReference; lastKnownFileType = sourcecode.swift; path = MainScreenView.swift; sourceTree = "<group>"; };
		EB4679F62ACE610B0026ACC3 /* CirclePlusAddButton.swift */ = {isa = PBXFileReference; lastKnownFileType = sourcecode.swift; path = CirclePlusAddButton.swift; sourceTree = "<group>"; };
		EB4679F92ACF1E7E0026ACC3 /* AddingScreenView.swift */ = {isa = PBXFileReference; lastKnownFileType = sourcecode.swift; path = AddingScreenView.swift; sourceTree = "<group>"; };
		EB4679FB2ACF1E930026ACC3 /* AddSucceedScreen.swift */ = {isa = PBXFileReference; lastKnownFileType = sourcecode.swift; path = AddSucceedScreen.swift; sourceTree = "<group>"; };
		EB467A012ACF424A0026ACC3 /* AddInterviewModel.swift */ = {isa = PBXFileReference; lastKnownFileType = sourcecode.swift; path = AddInterviewModel.swift; sourceTree = "<group>"; };
		EB4E11192B0B0CAC003D3764 /* VisaSponsorSection.swift */ = {isa = PBXFileReference; lastKnownFileType = sourcecode.swift; path = VisaSponsorSection.swift; sourceTree = "<group>"; };
		EB4E111B2B0B0CF8003D3764 /* SalarySection.swift */ = {isa = PBXFileReference; lastKnownFileType = sourcecode.swift; path = SalarySection.swift; sourceTree = "<group>"; };
		EB4E111D2B0C6A09003D3764 /* AddInterviewButton.swift */ = {isa = PBXFileReference; lastKnownFileType = sourcecode.swift; path = AddInterviewButton.swift; sourceTree = "<group>"; };
		EB4E111F2B0E89D9003D3764 /* IndexScreen.swift */ = {isa = PBXFileReference; lastKnownFileType = sourcecode.swift; path = IndexScreen.swift; sourceTree = "<group>"; };
		EB4E11212B0E9B01003D3764 /* FirestoreInterviewDataManager.swift */ = {isa = PBXFileReference; lastKnownFileType = sourcecode.swift; path = FirestoreInterviewDataManager.swift; sourceTree = "<group>"; };
		EB5322BF2ADC62CC00004E9C /* VisualEffectView.swift */ = {isa = PBXFileReference; lastKnownFileType = sourcecode.swift; path = VisualEffectView.swift; sourceTree = "<group>"; };
		EB5322C12ADC646100004E9C /* AsyncImageView.swift */ = {isa = PBXFileReference; lastKnownFileType = sourcecode.swift; path = AsyncImageView.swift; sourceTree = "<group>"; };
		EB5322C32ADC76EA00004E9C /* ClearbitViewModel.swift */ = {isa = PBXFileReference; lastKnownFileType = sourcecode.swift; path = ClearbitViewModel.swift; sourceTree = "<group>"; };
		EB5322C52ADC772300004E9C /* CustomizedTextField.swift */ = {isa = PBXFileReference; lastKnownFileType = sourcecode.swift; path = CustomizedTextField.swift; sourceTree = "<group>"; };
		EB5322C72ADDB2FC00004E9C /* GoogleService-Info.plist */ = {isa = PBXFileReference; fileEncoding = 4; lastKnownFileType = text.plist.xml; path = "GoogleService-Info.plist"; sourceTree = "<group>"; };
		EB5D062B2AE1D43700C7A94B /* BottomNavigationView.swift */ = {isa = PBXFileReference; lastKnownFileType = sourcecode.swift; path = BottomNavigationView.swift; sourceTree = "<group>"; };
		EB5F209F2AD1D7450096C9A3 /* DebugView.swift */ = {isa = PBXFileReference; lastKnownFileType = sourcecode.swift; path = DebugView.swift; sourceTree = "<group>"; };
		EB5F20A12AD262720096C9A3 /* BlurView.swift */ = {isa = PBXFileReference; lastKnownFileType = sourcecode.swift; path = BlurView.swift; sourceTree = "<group>"; };
		EB5F20A92AD348940096C9A3 /* CardView.swift */ = {isa = PBXFileReference; lastKnownFileType = sourcecode.swift; path = CardView.swift; sourceTree = "<group>"; };
		EB5F20AB2AD34D430096C9A3 /* Utilities.swift */ = {isa = PBXFileReference; lastKnownFileType = sourcecode.swift; path = Utilities.swift; sourceTree = "<group>"; };
		EB6C29122AFAECD300B66BFA /* AddInterviewManager.swift */ = {isa = PBXFileReference; lastKnownFileType = sourcecode.swift; path = AddInterviewManager.swift; sourceTree = "<group>"; };
		EB8F91822B000DE00081F398 /* PastRounds.swift */ = {isa = PBXFileReference; lastKnownFileType = sourcecode.swift; path = PastRounds.swift; sourceTree = "<group>"; };
		EB8F91842B0011820081F398 /* FutureRounds.swift */ = {isa = PBXFileReference; lastKnownFileType = sourcecode.swift; path = FutureRounds.swift; sourceTree = "<group>"; };
		EBA751882AE2F593008247CD /* ResetPasswordView.swift */ = {isa = PBXFileReference; lastKnownFileType = sourcecode.swift; path = ResetPasswordView.swift; sourceTree = "<group>"; };
		EBB11A772ADF6CA3002AAFDE /* SignUpEmailView.swift */ = {isa = PBXFileReference; lastKnownFileType = sourcecode.swift; path = SignUpEmailView.swift; sourceTree = "<group>"; };
		EBB11A7B2AE08495002AAFDE /* AuthenticationMainScreen.swift */ = {isa = PBXFileReference; lastKnownFileType = sourcecode.swift; path = AuthenticationMainScreen.swift; sourceTree = "<group>"; };
		EBB11A7D2AE0D8D5002AAFDE /* SignOutView.swift */ = {isa = PBXFileReference; lastKnownFileType = sourcecode.swift; path = SignOutView.swift; sourceTree = "<group>"; };
		EBB11A802AE0D9B7002AAFDE /* DefaultTextField.swift */ = {isa = PBXFileReference; lastKnownFileType = sourcecode.swift; path = DefaultTextField.swift; sourceTree = "<group>"; };
		EBD35D3E2AD64EBF0076BE33 /* CardFooterView.swift */ = {isa = PBXFileReference; lastKnownFileType = sourcecode.swift; path = CardFooterView.swift; sourceTree = "<group>"; };
		EBD35D402AD6FDD00076BE33 /* PostionDetailSection.swift */ = {isa = PBXFileReference; lastKnownFileType = sourcecode.swift; path = PostionDetailSection.swift; sourceTree = "<group>"; };
		EBD35D422AD71BAE0076BE33 /* NumericInput.swift */ = {isa = PBXFileReference; lastKnownFileType = sourcecode.swift; path = NumericInput.swift; sourceTree = "<group>"; };
		EBD35D462AD7583D0076BE33 /* CoreModel.swift */ = {isa = PBXFileReference; lastKnownFileType = sourcecode.swift; path = CoreModel.swift; sourceTree = "<group>"; };
		EBD35D482AD9BF440076BE33 /* DownloadImagesAsync.swift */ = {isa = PBXFileReference; lastKnownFileType = sourcecode.swift; path = DownloadImagesAsync.swift; sourceTree = "<group>"; };
		EBD35D4A2ADA49E60076BE33 /* Debouncer.swift */ = {isa = PBXFileReference; lastKnownFileType = sourcecode.swift; path = Debouncer.swift; sourceTree = "<group>"; };
		EBED85A42ADAF90A00F25636 /* DropdownMenu.swift */ = {isa = PBXFileReference; lastKnownFileType = sourcecode.swift; path = DropdownMenu.swift; sourceTree = "<group>"; };
		EBED85A62ADB05B300F25636 /* DropdownMenuList.swift */ = {isa = PBXFileReference; lastKnownFileType = sourcecode.swift; path = DropdownMenuList.swift; sourceTree = "<group>"; };
		EBED85A82ADB0BF200F25636 /* DropdownMenuOptionRow.swift */ = {isa = PBXFileReference; lastKnownFileType = sourcecode.swift; path = DropdownMenuOptionRow.swift; sourceTree = "<group>"; };
/* End PBXFileReference section */

/* Begin PBXFrameworksBuildPhase section */
		EB4679942AC0DBF00026ACC3 /* Frameworks */ = {
			isa = PBXFrameworksBuildPhase;
			buildActionMask = 2147483647;
			files = (
				EB53231A2ADDBA9C00004E9C /* FirebaseFirestore in Frameworks */,
				EB53231E2ADDBA9C00004E9C /* FirebaseFirestoreSwift in Frameworks */,
				EB3DB3A62B34F230005F9397 /* FirebaseStorage in Frameworks */,
				EB53230A2ADDBA9C00004E9C /* FirebaseAppCheck in Frameworks */,
				EB5323122ADDBA9C00004E9C /* FirebaseCrashlytics in Frameworks */,
				EB53232E2ADDBA9C00004E9C /* FirebasePerformance in Frameworks */,
				EB5323182ADDBA9C00004E9C /* FirebaseDynamicLinks in Frameworks */,
				EB5D062A2AE1B80B00C7A94B /* FirebaseAuth in Frameworks */,
				EB5323282ADDBA9C00004E9C /* FirebaseInstallations in Frameworks */,
			);
			runOnlyForDeploymentPostprocessing = 0;
		};
/* End PBXFrameworksBuildPhase section */

/* Begin PBXGroup section */
		EB056CC32AE1B60E00134EB8 /* Frameworks */ = {
			isa = PBXGroup;
			children = (
			);
			name = Frameworks;
			sourceTree = "<group>";
		};
		EB36C7D22AE5C0DF0090A2D0 /* Profile */ = {
			isa = PBXGroup;
			children = (
				EB36C7D32AE5C0F80090A2D0 /* ProfileScreenView.swift */,
				EB3DB3A32B339E9F005F9397 /* ProfileTopView.swift */,
				EB3DB3A72B360028005F9397 /* ProfileTabsView.swift */,
			);
			path = Profile;
			sourceTree = "<group>";
		};
		EB36C7D52AE5C1370090A2D0 /* managers */ = {
			isa = PBXGroup;
			children = (
				EB36C7D62AE5C1630090A2D0 /* AuthenticationManager.swift */,
				EB36C7D82AE5C1AC0090A2D0 /* UserManager.swift */,
				EB6C29122AFAECD300B66BFA /* AddInterviewManager.swift */,
				EB4E11212B0E9B01003D3764 /* FirestoreInterviewDataManager.swift */,
			);
			path = managers;
			sourceTree = "<group>";
		};
		EB46798E2AC0DBF00026ACC3 = {
			isa = PBXGroup;
			children = (
				EB4679992AC0DBF00026ACC3 /* job hunter */,
				EB4679982AC0DBF00026ACC3 /* Products */,
				EB056CC32AE1B60E00134EB8 /* Frameworks */,
			);
			sourceTree = "<group>";
		};
		EB4679982AC0DBF00026ACC3 /* Products */ = {
			isa = PBXGroup;
			children = (
				EB4679972AC0DBF00026ACC3 /* job hunter.app */,
			);
			name = Products;
			sourceTree = "<group>";
		};
		EB4679992AC0DBF00026ACC3 /* job hunter */ = {
			isa = PBXGroup;
			children = (
				EB46799C2AC0DBF00026ACC3 /* ContentView.swift */,
				EB4E111F2B0E89D9003D3764 /* IndexScreen.swift */,
				EB36C7D52AE5C1370090A2D0 /* managers */,
				EBB11A762ADF6C6D002AAFDE /* Authentication */,
				EB46799A2AC0DBF00026ACC3 /* job_hunterApp.swift */,
				EB4679F02ACE2D310026ACC3 /* Models */,
				EB4679AA2AC0DCF00026ACC3 /* Screens */,
				EB4679DE2AC1EAA80026ACC3 /* Component */,
				EB4679AB2AC0DD1D0026ACC3 /* Utility */,
				EB4679A02AC0DBF20026ACC3 /* Preview Content */,
				EB46799E2AC0DBF20026ACC3 /* Assets.xcassets */,
				EB5322C72ADDB2FC00004E9C /* GoogleService-Info.plist */,
			);
			path = "job hunter";
			sourceTree = "<group>";
		};
		EB4679A02AC0DBF20026ACC3 /* Preview Content */ = {
			isa = PBXGroup;
			children = (
				EB4679A12AC0DBF20026ACC3 /* Preview Assets.xcassets */,
			);
			path = "Preview Content";
			sourceTree = "<group>";
		};
		EB4679AA2AC0DCF00026ACC3 /* Screens */ = {
			isa = PBXGroup;
			children = (
				EB4679E72ACCB5AF0026ACC3 /* MainScreenView.swift */,
				EB4679AE2AC0E2EE0026ACC3 /* HomeScreenView.swift */,
				EB36C7D22AE5C0DF0090A2D0 /* Profile */,
				EB4679F82ACF1E640026ACC3 /* AddingScreen */,
			);
			path = Screens;
			sourceTree = "<group>";
		};
		EB4679AB2AC0DD1D0026ACC3 /* Utility */ = {
			isa = PBXGroup;
			children = (
				EB5F209F2AD1D7450096C9A3 /* DebugView.swift */,
				EB5F20AB2AD34D430096C9A3 /* Utilities.swift */,
				EBD35D4A2ADA49E60076BE33 /* Debouncer.swift */,
			);
			path = Utility;
			sourceTree = "<group>";
		};
		EB4679DE2AC1EAA80026ACC3 /* Component */ = {
			isa = PBXGroup;
			children = (
				EBB11A7F2AE0D981002AAFDE /* TextField */,
				EBED85A32ADAF8ED00F25636 /* DropdownMenu */,
				EBD35D3B2AD5F1B80076BE33 /* CardView */,
				EB4679F52ACE60320026ACC3 /* BottomTab */,
				EB4679E32AC1F2E00026ACC3 /* InterviewDetail.swift */,
				EB5F20A12AD262720096C9A3 /* BlurView.swift */,
				EB5322BF2ADC62CC00004E9C /* VisualEffectView.swift */,
				EB5322C12ADC646100004E9C /* AsyncImageView.swift */,
			);
			path = Component;
			sourceTree = "<group>";
		};
		EB4679F02ACE2D310026ACC3 /* Models */ = {
			isa = PBXGroup;
			children = (
				EBD35D462AD7583D0076BE33 /* CoreModel.swift */,
				EB467A012ACF424A0026ACC3 /* AddInterviewModel.swift */,
				EB5322C32ADC76EA00004E9C /* ClearbitViewModel.swift */,
				EB36C7CE2AE5BFF60090A2D0 /* AuthenticationModel.swift */,
				EB3DB3A12B30C19B005F9397 /* FetchedInterviewModel.swift */,
			);
			path = Models;
			sourceTree = "<group>";
		};
		EB4679F52ACE60320026ACC3 /* BottomTab */ = {
			isa = PBXGroup;
			children = (
				EB5D062B2AE1D43700C7A94B /* BottomNavigationView.swift */,
				EB4679F62ACE610B0026ACC3 /* CirclePlusAddButton.swift */,
			);
			path = BottomTab;
			sourceTree = "<group>";
		};
		EB4679F82ACF1E640026ACC3 /* AddingScreen */ = {
			isa = PBXGroup;
			children = (
				EB4679F92ACF1E7E0026ACC3 /* AddingScreenView.swift */,
				EB4E11182B0B0C74003D3764 /* PositionDetailSection */,
				EB4679E52AC9F63E0026ACC3 /* BasicFields.swift */,
				EB4679FB2ACF1E930026ACC3 /* AddSucceedScreen.swift */,
				EBD35D482AD9BF440076BE33 /* DownloadImagesAsync.swift */,
				EB8F91822B000DE00081F398 /* PastRounds.swift */,
				EB8F91842B0011820081F398 /* FutureRounds.swift */,
				EB4E111D2B0C6A09003D3764 /* AddInterviewButton.swift */,
			);
			path = AddingScreen;
			sourceTree = "<group>";
		};
		EB4E11182B0B0C74003D3764 /* PositionDetailSection */ = {
			isa = PBXGroup;
			children = (
				EBD35D402AD6FDD00076BE33 /* PostionDetailSection.swift */,
				EB4E11192B0B0CAC003D3764 /* VisaSponsorSection.swift */,
				EB4E111B2B0B0CF8003D3764 /* SalarySection.swift */,
			);
			name = PositionDetailSection;
			sourceTree = "<group>";
		};
		EBB11A762ADF6C6D002AAFDE /* Authentication */ = {
			isa = PBXGroup;
			children = (
				EBB11A7B2AE08495002AAFDE /* AuthenticationMainScreen.swift */,
				EBB11A772ADF6CA3002AAFDE /* SignUpEmailView.swift */,
				EBB11A7D2AE0D8D5002AAFDE /* SignOutView.swift */,
				EBA751882AE2F593008247CD /* ResetPasswordView.swift */,
				EB36C7CC2AE5BFC20090A2D0 /* SignInView.swift */,
			);
			path = Authentication;
			sourceTree = "<group>";
		};
		EBB11A7F2AE0D981002AAFDE /* TextField */ = {
			isa = PBXGroup;
			children = (
				EB5322C52ADC772300004E9C /* CustomizedTextField.swift */,
				EBD35D422AD71BAE0076BE33 /* NumericInput.swift */,
				EBB11A802AE0D9B7002AAFDE /* DefaultTextField.swift */,
			);
			path = TextField;
			sourceTree = "<group>";
		};
		EBD35D3B2AD5F1B80076BE33 /* CardView */ = {
			isa = PBXGroup;
			children = (
				EB5F20A92AD348940096C9A3 /* CardView.swift */,
				EBD35D3E2AD64EBF0076BE33 /* CardFooterView.swift */,
			);
			path = CardView;
			sourceTree = "<group>";
		};
		EBED85A32ADAF8ED00F25636 /* DropdownMenu */ = {
			isa = PBXGroup;
			children = (
				EBED85A42ADAF90A00F25636 /* DropdownMenu.swift */,
				EBED85A62ADB05B300F25636 /* DropdownMenuList.swift */,
				EBED85A82ADB0BF200F25636 /* DropdownMenuOptionRow.swift */,
			);
			path = DropdownMenu;
			sourceTree = "<group>";
		};
/* End PBXGroup section */

/* Begin PBXNativeTarget section */
		EB4679962AC0DBF00026ACC3 /* job hunter */ = {
			isa = PBXNativeTarget;
			buildConfigurationList = EB4679A52AC0DBF20026ACC3 /* Build configuration list for PBXNativeTarget "job hunter" */;
			buildPhases = (
				EB4679932AC0DBF00026ACC3 /* Sources */,
				EB4679942AC0DBF00026ACC3 /* Frameworks */,
				EB4679952AC0DBF00026ACC3 /* Resources */,
			);
			buildRules = (
			);
			dependencies = (
			);
			name = "job hunter";
			packageProductDependencies = (
				EB5323092ADDBA9C00004E9C /* FirebaseAppCheck */,
				EB5323112ADDBA9C00004E9C /* FirebaseCrashlytics */,
				EB5323172ADDBA9C00004E9C /* FirebaseDynamicLinks */,
				EB5323192ADDBA9C00004E9C /* FirebaseFirestore */,
				EB53231D2ADDBA9C00004E9C /* FirebaseFirestoreSwift */,
				EB5323272ADDBA9C00004E9C /* FirebaseInstallations */,
				EB53232D2ADDBA9C00004E9C /* FirebasePerformance */,
				EB5D06292AE1B80B00C7A94B /* FirebaseAuth */,
				EB3DB3A52B34F230005F9397 /* FirebaseStorage */,
			);
			productName = "job hunter";
			productReference = EB4679972AC0DBF00026ACC3 /* job hunter.app */;
			productType = "com.apple.product-type.application";
		};
/* End PBXNativeTarget section */

/* Begin PBXProject section */
		EB46798F2AC0DBF00026ACC3 /* Project object */ = {
			isa = PBXProject;
			attributes = {
				BuildIndependentTargetsInParallel = 1;
				LastSwiftUpdateCheck = 1430;
				LastUpgradeCheck = 1430;
				TargetAttributes = {
					EB4679962AC0DBF00026ACC3 = {
						CreatedOnToolsVersion = 14.3.1;
					};
				};
			};
			buildConfigurationList = EB4679922AC0DBF00026ACC3 /* Build configuration list for PBXProject "job hunter" */;
			compatibilityVersion = "Xcode 14.0";
			developmentRegion = en;
			hasScannedForEncodings = 0;
			knownRegions = (
				en,
				Base,
			);
			mainGroup = EB46798E2AC0DBF00026ACC3;
			packageReferences = (
				EB5323002ADDBA9B00004E9C /* XCRemoteSwiftPackageReference "firebase-ios-sdk" */,
			);
			productRefGroup = EB4679982AC0DBF00026ACC3 /* Products */;
			projectDirPath = "";
			projectRoot = "";
			targets = (
				EB4679962AC0DBF00026ACC3 /* job hunter */,
			);
		};
/* End PBXProject section */

/* Begin PBXResourcesBuildPhase section */
		EB4679952AC0DBF00026ACC3 /* Resources */ = {
			isa = PBXResourcesBuildPhase;
			buildActionMask = 2147483647;
			files = (
				EB4679A22AC0DBF20026ACC3 /* Preview Assets.xcassets in Resources */,
				EB5322C82ADDB2FC00004E9C /* GoogleService-Info.plist in Resources */,
				EB46799F2AC0DBF20026ACC3 /* Assets.xcassets in Resources */,
			);
			runOnlyForDeploymentPostprocessing = 0;
		};
/* End PBXResourcesBuildPhase section */

/* Begin PBXSourcesBuildPhase section */
		EB4679932AC0DBF00026ACC3 /* Sources */ = {
			isa = PBXSourcesBuildPhase;
			buildActionMask = 2147483647;
			files = (
				EBB11A782ADF6CA3002AAFDE /* SignUpEmailView.swift in Sources */,
				EB467A022ACF424A0026ACC3 /* AddInterviewModel.swift in Sources */,
				EBD35D432AD71BAE0076BE33 /* NumericInput.swift in Sources */,
				EB6C29132AFAECD300B66BFA /* AddInterviewManager.swift in Sources */,
				EB3DB3A22B30C19B005F9397 /* FetchedInterviewModel.swift in Sources */,
				EB4E111E2B0C6A09003D3764 /* AddInterviewButton.swift in Sources */,
				EBA751892AE2F593008247CD /* ResetPasswordView.swift in Sources */,
				EB36C7D72AE5C1630090A2D0 /* AuthenticationManager.swift in Sources */,
				EB46799D2AC0DBF00026ACC3 /* ContentView.swift in Sources */,
				EB36C7CD2AE5BFC20090A2D0 /* SignInView.swift in Sources */,
				EBB11A812AE0D9B7002AAFDE /* DefaultTextField.swift in Sources */,
				EBB11A7E2AE0D8D5002AAFDE /* SignOutView.swift in Sources */,
				EB8F91832B000DE00081F398 /* PastRounds.swift in Sources */,
				EBD35D412AD6FDD00076BE33 /* PostionDetailSection.swift in Sources */,
				EB3DB3A42B339E9F005F9397 /* ProfileTopView.swift in Sources */,
				EBED85A72ADB05B300F25636 /* DropdownMenuList.swift in Sources */,
				EBD35D472AD7583D0076BE33 /* CoreModel.swift in Sources */,
				EB5D062C2AE1D43700C7A94B /* BottomNavigationView.swift in Sources */,
				EB4679FA2ACF1E7E0026ACC3 /* AddingScreenView.swift in Sources */,
				EB8F91852B0011820081F398 /* FutureRounds.swift in Sources */,
				EB4679E62AC9F63E0026ACC3 /* BasicFields.swift in Sources */,
				EB5322C42ADC76EA00004E9C /* ClearbitViewModel.swift in Sources */,
				EBED85A52ADAF90A00F25636 /* DropdownMenu.swift in Sources */,
				EB46799B2AC0DBF00026ACC3 /* job_hunterApp.swift in Sources */,
				EBD35D492AD9BF440076BE33 /* DownloadImagesAsync.swift in Sources */,
				EBD35D4B2ADA49E60076BE33 /* Debouncer.swift in Sources */,
				EB4679E42AC1F2E00026ACC3 /* InterviewDetail.swift in Sources */,
				EBED85A92ADB0BF200F25636 /* DropdownMenuOptionRow.swift in Sources */,
				EB5322C22ADC646100004E9C /* AsyncImageView.swift in Sources */,
				EB4E111C2B0B0CF8003D3764 /* SalarySection.swift in Sources */,
				EB4679E82ACCB5AF0026ACC3 /* MainScreenView.swift in Sources */,
				EB36C7D42AE5C0F80090A2D0 /* ProfileScreenView.swift in Sources */,
				EB4679AF2AC0E2EE0026ACC3 /* HomeScreenView.swift in Sources */,
				EB4679F72ACE610B0026ACC3 /* CirclePlusAddButton.swift in Sources */,
				EB4E11222B0E9B01003D3764 /* FirestoreInterviewDataManager.swift in Sources */,
				EBD35D3F2AD64EC00076BE33 /* CardFooterView.swift in Sources */,
				EB4679FC2ACF1E930026ACC3 /* AddSucceedScreen.swift in Sources */,
				EB5F20A02AD1D7450096C9A3 /* DebugView.swift in Sources */,
				EB3DB3A82B360028005F9397 /* ProfileTabsView.swift in Sources */,
				EB5322C02ADC62CC00004E9C /* VisualEffectView.swift in Sources */,
				EB4E11202B0E89D9003D3764 /* IndexScreen.swift in Sources */,
				EB5F20A22AD262720096C9A3 /* BlurView.swift in Sources */,
				EB5322C62ADC772300004E9C /* CustomizedTextField.swift in Sources */,
				EBB11A7C2AE08495002AAFDE /* AuthenticationMainScreen.swift in Sources */,
				EB5F20AA2AD348940096C9A3 /* CardView.swift in Sources */,
				EB5F20AC2AD34D430096C9A3 /* Utilities.swift in Sources */,
				EB36C7CF2AE5BFF60090A2D0 /* AuthenticationModel.swift in Sources */,
				EB36C7D92AE5C1AC0090A2D0 /* UserManager.swift in Sources */,
				EB4E111A2B0B0CAC003D3764 /* VisaSponsorSection.swift in Sources */,
			);
			runOnlyForDeploymentPostprocessing = 0;
		};
/* End PBXSourcesBuildPhase section */

/* Begin XCBuildConfiguration section */
		EB4679A32AC0DBF20026ACC3 /* Debug */ = {
			isa = XCBuildConfiguration;
			buildSettings = {
				ALWAYS_SEARCH_USER_PATHS = NO;
				CLANG_ANALYZER_NONNULL = YES;
				CLANG_ANALYZER_NUMBER_OBJECT_CONVERSION = YES_AGGRESSIVE;
				CLANG_CXX_LANGUAGE_STANDARD = "gnu++20";
				CLANG_ENABLE_MODULES = YES;
				CLANG_ENABLE_OBJC_ARC = YES;
				CLANG_ENABLE_OBJC_WEAK = YES;
				CLANG_WARN_BLOCK_CAPTURE_AUTORELEASING = YES;
				CLANG_WARN_BOOL_CONVERSION = YES;
				CLANG_WARN_COMMA = YES;
				CLANG_WARN_CONSTANT_CONVERSION = YES;
				CLANG_WARN_DEPRECATED_OBJC_IMPLEMENTATIONS = YES;
				CLANG_WARN_DIRECT_OBJC_ISA_USAGE = YES_ERROR;
				CLANG_WARN_DOCUMENTATION_COMMENTS = YES;
				CLANG_WARN_EMPTY_BODY = YES;
				CLANG_WARN_ENUM_CONVERSION = YES;
				CLANG_WARN_INFINITE_RECURSION = YES;
				CLANG_WARN_INT_CONVERSION = YES;
				CLANG_WARN_NON_LITERAL_NULL_CONVERSION = YES;
				CLANG_WARN_OBJC_IMPLICIT_RETAIN_SELF = YES;
				CLANG_WARN_OBJC_LITERAL_CONVERSION = YES;
				CLANG_WARN_OBJC_ROOT_CLASS = YES_ERROR;
				CLANG_WARN_QUOTED_INCLUDE_IN_FRAMEWORK_HEADER = YES;
				CLANG_WARN_RANGE_LOOP_ANALYSIS = YES;
				CLANG_WARN_STRICT_PROTOTYPES = YES;
				CLANG_WARN_SUSPICIOUS_MOVE = YES;
				CLANG_WARN_UNGUARDED_AVAILABILITY = YES_AGGRESSIVE;
				CLANG_WARN_UNREACHABLE_CODE = YES;
				CLANG_WARN__DUPLICATE_METHOD_MATCH = YES;
				COPY_PHASE_STRIP = NO;
				DEBUG_INFORMATION_FORMAT = dwarf;
				ENABLE_STRICT_OBJC_MSGSEND = YES;
				ENABLE_TESTABILITY = YES;
				GCC_C_LANGUAGE_STANDARD = gnu11;
				GCC_DYNAMIC_NO_PIC = NO;
				GCC_NO_COMMON_BLOCKS = YES;
				GCC_OPTIMIZATION_LEVEL = 0;
				GCC_PREPROCESSOR_DEFINITIONS = (
					"DEBUG=1",
					"$(inherited)",
				);
				GCC_WARN_64_TO_32_BIT_CONVERSION = YES;
				GCC_WARN_ABOUT_RETURN_TYPE = YES_ERROR;
				GCC_WARN_UNDECLARED_SELECTOR = YES;
				GCC_WARN_UNINITIALIZED_AUTOS = YES_AGGRESSIVE;
				GCC_WARN_UNUSED_FUNCTION = YES;
				GCC_WARN_UNUSED_VARIABLE = YES;
				IPHONEOS_DEPLOYMENT_TARGET = 16.4;
				MTL_ENABLE_DEBUG_INFO = INCLUDE_SOURCE;
				MTL_FAST_MATH = YES;
				ONLY_ACTIVE_ARCH = YES;
				SDKROOT = iphoneos;
				SWIFT_ACTIVE_COMPILATION_CONDITIONS = DEBUG;
				SWIFT_OPTIMIZATION_LEVEL = "-Onone";
			};
			name = Debug;
		};
		EB4679A42AC0DBF20026ACC3 /* Release */ = {
			isa = XCBuildConfiguration;
			buildSettings = {
				ALWAYS_SEARCH_USER_PATHS = NO;
				CLANG_ANALYZER_NONNULL = YES;
				CLANG_ANALYZER_NUMBER_OBJECT_CONVERSION = YES_AGGRESSIVE;
				CLANG_CXX_LANGUAGE_STANDARD = "gnu++20";
				CLANG_ENABLE_MODULES = YES;
				CLANG_ENABLE_OBJC_ARC = YES;
				CLANG_ENABLE_OBJC_WEAK = YES;
				CLANG_WARN_BLOCK_CAPTURE_AUTORELEASING = YES;
				CLANG_WARN_BOOL_CONVERSION = YES;
				CLANG_WARN_COMMA = YES;
				CLANG_WARN_CONSTANT_CONVERSION = YES;
				CLANG_WARN_DEPRECATED_OBJC_IMPLEMENTATIONS = YES;
				CLANG_WARN_DIRECT_OBJC_ISA_USAGE = YES_ERROR;
				CLANG_WARN_DOCUMENTATION_COMMENTS = YES;
				CLANG_WARN_EMPTY_BODY = YES;
				CLANG_WARN_ENUM_CONVERSION = YES;
				CLANG_WARN_INFINITE_RECURSION = YES;
				CLANG_WARN_INT_CONVERSION = YES;
				CLANG_WARN_NON_LITERAL_NULL_CONVERSION = YES;
				CLANG_WARN_OBJC_IMPLICIT_RETAIN_SELF = YES;
				CLANG_WARN_OBJC_LITERAL_CONVERSION = YES;
				CLANG_WARN_OBJC_ROOT_CLASS = YES_ERROR;
				CLANG_WARN_QUOTED_INCLUDE_IN_FRAMEWORK_HEADER = YES;
				CLANG_WARN_RANGE_LOOP_ANALYSIS = YES;
				CLANG_WARN_STRICT_PROTOTYPES = YES;
				CLANG_WARN_SUSPICIOUS_MOVE = YES;
				CLANG_WARN_UNGUARDED_AVAILABILITY = YES_AGGRESSIVE;
				CLANG_WARN_UNREACHABLE_CODE = YES;
				CLANG_WARN__DUPLICATE_METHOD_MATCH = YES;
				COPY_PHASE_STRIP = NO;
				DEBUG_INFORMATION_FORMAT = "dwarf-with-dsym";
				ENABLE_NS_ASSERTIONS = NO;
				ENABLE_STRICT_OBJC_MSGSEND = YES;
				GCC_C_LANGUAGE_STANDARD = gnu11;
				GCC_NO_COMMON_BLOCKS = YES;
				GCC_WARN_64_TO_32_BIT_CONVERSION = YES;
				GCC_WARN_ABOUT_RETURN_TYPE = YES_ERROR;
				GCC_WARN_UNDECLARED_SELECTOR = YES;
				GCC_WARN_UNINITIALIZED_AUTOS = YES_AGGRESSIVE;
				GCC_WARN_UNUSED_FUNCTION = YES;
				GCC_WARN_UNUSED_VARIABLE = YES;
				IPHONEOS_DEPLOYMENT_TARGET = 16.4;
				MTL_ENABLE_DEBUG_INFO = NO;
				MTL_FAST_MATH = YES;
				SDKROOT = iphoneos;
				SWIFT_COMPILATION_MODE = wholemodule;
				SWIFT_OPTIMIZATION_LEVEL = "-O";
				VALIDATE_PRODUCT = YES;
			};
			name = Release;
		};
		EB4679A62AC0DBF20026ACC3 /* Debug */ = {
			isa = XCBuildConfiguration;
			buildSettings = {
				ASSETCATALOG_COMPILER_APPICON_NAME = AppIcon;
				ASSETCATALOG_COMPILER_GLOBAL_ACCENT_COLOR_NAME = AccentColor;
				CODE_SIGN_STYLE = Automatic;
				CURRENT_PROJECT_VERSION = 1;
				DEVELOPMENT_ASSET_PATHS = "\"job hunter/Preview Content\"";
				DEVELOPMENT_TEAM = L9BAQ636P7;
				ENABLE_PREVIEWS = YES;
				GENERATE_INFOPLIST_FILE = YES;
				INFOPLIST_KEY_UIApplicationSceneManifest_Generation = YES;
				INFOPLIST_KEY_UIApplicationSupportsIndirectInputEvents = YES;
				INFOPLIST_KEY_UILaunchScreen_Generation = YES;
				INFOPLIST_KEY_UISupportedInterfaceOrientations = UIInterfaceOrientationPortrait;
				INFOPLIST_KEY_UISupportedInterfaceOrientations_iPad = "UIInterfaceOrientationLandscapeLeft UIInterfaceOrientationLandscapeRight UIInterfaceOrientationPortrait UIInterfaceOrientationPortraitUpsideDown";
				INFOPLIST_KEY_UIUserInterfaceStyle = Dark;
				IPHONEOS_DEPLOYMENT_TARGET = 17.0;
				LD_RUNPATH_SEARCH_PATHS = (
					"$(inherited)",
					"@executable_path/Frameworks",
				);
				MARKETING_VERSION = 1.0;
				PRODUCT_BUNDLE_IDENTIFIER = "com.qingyuanhub.job-hunter";
				PRODUCT_NAME = "$(TARGET_NAME)";
				SWIFT_EMIT_LOC_STRINGS = YES;
				SWIFT_VERSION = 5.0;
				TARGETED_DEVICE_FAMILY = "1,2";
			};
			name = Debug;
		};
		EB4679A72AC0DBF20026ACC3 /* Release */ = {
			isa = XCBuildConfiguration;
			buildSettings = {
				ASSETCATALOG_COMPILER_APPICON_NAME = AppIcon;
				ASSETCATALOG_COMPILER_GLOBAL_ACCENT_COLOR_NAME = AccentColor;
				CODE_SIGN_STYLE = Automatic;
				CURRENT_PROJECT_VERSION = 1;
				DEVELOPMENT_ASSET_PATHS = "\"job hunter/Preview Content\"";
				DEVELOPMENT_TEAM = L9BAQ636P7;
				ENABLE_PREVIEWS = YES;
				GENERATE_INFOPLIST_FILE = YES;
				INFOPLIST_KEY_UIApplicationSceneManifest_Generation = YES;
				INFOPLIST_KEY_UIApplicationSupportsIndirectInputEvents = YES;
				INFOPLIST_KEY_UILaunchScreen_Generation = YES;
				INFOPLIST_KEY_UISupportedInterfaceOrientations = UIInterfaceOrientationPortrait;
				INFOPLIST_KEY_UISupportedInterfaceOrientations_iPad = "UIInterfaceOrientationLandscapeLeft UIInterfaceOrientationLandscapeRight UIInterfaceOrientationPortrait UIInterfaceOrientationPortraitUpsideDown";
				INFOPLIST_KEY_UIUserInterfaceStyle = Dark;
				IPHONEOS_DEPLOYMENT_TARGET = 17.0;
				LD_RUNPATH_SEARCH_PATHS = (
					"$(inherited)",
					"@executable_path/Frameworks",
				);
				MARKETING_VERSION = 1.0;
				PRODUCT_BUNDLE_IDENTIFIER = "com.qingyuanhub.job-hunter";
				PRODUCT_NAME = "$(TARGET_NAME)";
				SWIFT_EMIT_LOC_STRINGS = YES;
				SWIFT_VERSION = 5.0;
				TARGETED_DEVICE_FAMILY = "1,2";
			};
			name = Release;
		};
/* End XCBuildConfiguration section */

/* Begin XCConfigurationList section */
		EB4679922AC0DBF00026ACC3 /* Build configuration list for PBXProject "job hunter" */ = {
			isa = XCConfigurationList;
			buildConfigurations = (
				EB4679A32AC0DBF20026ACC3 /* Debug */,
				EB4679A42AC0DBF20026ACC3 /* Release */,
			);
			defaultConfigurationIsVisible = 0;
			defaultConfigurationName = Release;
		};
		EB4679A52AC0DBF20026ACC3 /* Build configuration list for PBXNativeTarget "job hunter" */ = {
			isa = XCConfigurationList;
			buildConfigurations = (
				EB4679A62AC0DBF20026ACC3 /* Debug */,
				EB4679A72AC0DBF20026ACC3 /* Release */,
			);
			defaultConfigurationIsVisible = 0;
			defaultConfigurationName = Release;
		};
/* End XCConfigurationList section */

/* Begin XCRemoteSwiftPackageReference section */
		EB5323002ADDBA9B00004E9C /* XCRemoteSwiftPackageReference "firebase-ios-sdk" */ = {
			isa = XCRemoteSwiftPackageReference;
			repositoryURL = "https://github.com/firebase/firebase-ios-sdk";
			requirement = {
				kind = upToNextMajorVersion;
				minimumVersion = 10.16.0;
			};
		};
/* End XCRemoteSwiftPackageReference section */

/* Begin XCSwiftPackageProductDependency section */
		EB3DB3A52B34F230005F9397 /* FirebaseStorage */ = {
			isa = XCSwiftPackageProductDependency;
			package = EB5323002ADDBA9B00004E9C /* XCRemoteSwiftPackageReference "firebase-ios-sdk" */;
			productName = FirebaseStorage;
		};
		EB5323092ADDBA9C00004E9C /* FirebaseAppCheck */ = {
			isa = XCSwiftPackageProductDependency;
			package = EB5323002ADDBA9B00004E9C /* XCRemoteSwiftPackageReference "firebase-ios-sdk" */;
			productName = FirebaseAppCheck;
		};
		EB5323112ADDBA9C00004E9C /* FirebaseCrashlytics */ = {
			isa = XCSwiftPackageProductDependency;
			package = EB5323002ADDBA9B00004E9C /* XCRemoteSwiftPackageReference "firebase-ios-sdk" */;
			productName = FirebaseCrashlytics;
		};
		EB5323172ADDBA9C00004E9C /* FirebaseDynamicLinks */ = {
			isa = XCSwiftPackageProductDependency;
			package = EB5323002ADDBA9B00004E9C /* XCRemoteSwiftPackageReference "firebase-ios-sdk" */;
			productName = FirebaseDynamicLinks;
		};
		EB5323192ADDBA9C00004E9C /* FirebaseFirestore */ = {
			isa = XCSwiftPackageProductDependency;
			package = EB5323002ADDBA9B00004E9C /* XCRemoteSwiftPackageReference "firebase-ios-sdk" */;
			productName = FirebaseFirestore;
		};
		EB53231D2ADDBA9C00004E9C /* FirebaseFirestoreSwift */ = {
			isa = XCSwiftPackageProductDependency;
			package = EB5323002ADDBA9B00004E9C /* XCRemoteSwiftPackageReference "firebase-ios-sdk" */;
			productName = FirebaseFirestoreSwift;
		};
		EB5323272ADDBA9C00004E9C /* FirebaseInstallations */ = {
			isa = XCSwiftPackageProductDependency;
			package = EB5323002ADDBA9B00004E9C /* XCRemoteSwiftPackageReference "firebase-ios-sdk" */;
			productName = FirebaseInstallations;
		};
		EB53232D2ADDBA9C00004E9C /* FirebasePerformance */ = {
			isa = XCSwiftPackageProductDependency;
			package = EB5323002ADDBA9B00004E9C /* XCRemoteSwiftPackageReference "firebase-ios-sdk" */;
			productName = FirebasePerformance;
		};
		EB5D06292AE1B80B00C7A94B /* FirebaseAuth */ = {
			isa = XCSwiftPackageProductDependency;
			package = EB5323002ADDBA9B00004E9C /* XCRemoteSwiftPackageReference "firebase-ios-sdk" */;
			productName = FirebaseAuth;
		};
/* End XCSwiftPackageProductDependency section */
	};
	rootObject = EB46798F2AC0DBF00026ACC3 /* Project object */;
}
