// !$*UTF8*$!
{
	archiveVersion = 1;
	classes = {
	};
	objectVersion = 56;
	objects = {

/* Begin PBXBuildFile section */
		EB46799B2AC0DBF00026ACC3 /* job_hunterApp.swift in Sources */ = {isa = PBXBuildFile; fileRef = EB46799A2AC0DBF00026ACC3 /* job_hunterApp.swift */; };
		EB46799D2AC0DBF00026ACC3 /* ContentView.swift in Sources */ = {isa = PBXBuildFile; fileRef = EB46799C2AC0DBF00026ACC3 /* ContentView.swift */; };
		EB46799F2AC0DBF20026ACC3 /* Assets.xcassets in Resources */ = {isa = PBXBuildFile; fileRef = EB46799E2AC0DBF20026ACC3 /* Assets.xcassets */; };
		EB4679A22AC0DBF20026ACC3 /* Preview Assets.xcassets in Resources */ = {isa = PBXBuildFile; fileRef = EB4679A12AC0DBF20026ACC3 /* Preview Assets.xcassets */; };
		EB4679AF2AC0E2EE0026ACC3 /* HomeScreenView.swift in Sources */ = {isa = PBXBuildFile; fileRef = EB4679AE2AC0E2EE0026ACC3 /* HomeScreenView.swift */; };
		EB4679E22AC1F1920026ACC3 /* Data.swift in Sources */ = {isa = PBXBuildFile; fileRef = EB4679E12AC1F1920026ACC3 /* Data.swift */; };
		EB4679E42AC1F2E00026ACC3 /* InterviewDetail.swift in Sources */ = {isa = PBXBuildFile; fileRef = EB4679E32AC1F2E00026ACC3 /* InterviewDetail.swift */; };
		EB4679E62AC9F63E0026ACC3 /* BasicFields.swift in Sources */ = {isa = PBXBuildFile; fileRef = EB4679E52AC9F63E0026ACC3 /* BasicFields.swift */; };
		EB4679E82ACCB5AF0026ACC3 /* CustomTabView.swift in Sources */ = {isa = PBXBuildFile; fileRef = EB4679E72ACCB5AF0026ACC3 /* CustomTabView.swift */; };
		EB4679EA2ACCBDFC0026ACC3 /* TabButtonView.swift in Sources */ = {isa = PBXBuildFile; fileRef = EB4679E92ACCBDFC0026ACC3 /* TabButtonView.swift */; };
		EB4679EE2ACCBE680026ACC3 /* ProfileScreenView.swift in Sources */ = {isa = PBXBuildFile; fileRef = EB4679ED2ACCBE680026ACC3 /* ProfileScreenView.swift */; };
		EB4679F42ACE590A0026ACC3 /* PopUpMenu.swift in Sources */ = {isa = PBXBuildFile; fileRef = EB4679F32ACE590A0026ACC3 /* PopUpMenu.swift */; };
		EB4679F72ACE610B0026ACC3 /* TabMenuIcon.swift in Sources */ = {isa = PBXBuildFile; fileRef = EB4679F62ACE610B0026ACC3 /* TabMenuIcon.swift */; };
		EB4679FA2ACF1E7E0026ACC3 /* AddPendingScreen.swift in Sources */ = {isa = PBXBuildFile; fileRef = EB4679F92ACF1E7E0026ACC3 /* AddPendingScreen.swift */; };
		EB4679FC2ACF1E930026ACC3 /* AddSucceedScreen.swift in Sources */ = {isa = PBXBuildFile; fileRef = EB4679FB2ACF1E930026ACC3 /* AddSucceedScreen.swift */; };
		EB4679FE2ACF1EA20026ACC3 /* AddRejectedScreen.swift in Sources */ = {isa = PBXBuildFile; fileRef = EB4679FD2ACF1EA20026ACC3 /* AddRejectedScreen.swift */; };
		EB467A022ACF424A0026ACC3 /* AddInterviewModel.swift in Sources */ = {isa = PBXBuildFile; fileRef = EB467A012ACF424A0026ACC3 /* AddInterviewModel.swift */; };
		EB5322C02ADC62CC00004E9C /* VisualEffectView.swift in Sources */ = {isa = PBXBuildFile; fileRef = EB5322BF2ADC62CC00004E9C /* VisualEffectView.swift */; };
		EB5322C22ADC646100004E9C /* AsyncImageView.swift in Sources */ = {isa = PBXBuildFile; fileRef = EB5322C12ADC646100004E9C /* AsyncImageView.swift */; };
		EB5322C42ADC76EA00004E9C /* ClearbitViewModel.swift in Sources */ = {isa = PBXBuildFile; fileRef = EB5322C32ADC76EA00004E9C /* ClearbitViewModel.swift */; };
		EB5322C62ADC772300004E9C /* CustomizedTextField.swift in Sources */ = {isa = PBXBuildFile; fileRef = EB5322C52ADC772300004E9C /* CustomizedTextField.swift */; };
		EB5F209E2AD1BBCD0096C9A3 /* DynamicRow.swift in Sources */ = {isa = PBXBuildFile; fileRef = EB5F209D2AD1BBCD0096C9A3 /* DynamicRow.swift */; };
		EB5F20A02AD1D7450096C9A3 /* DebugView.swift in Sources */ = {isa = PBXBuildFile; fileRef = EB5F209F2AD1D7450096C9A3 /* DebugView.swift */; };
		EB5F20A22AD262720096C9A3 /* BlurView.swift in Sources */ = {isa = PBXBuildFile; fileRef = EB5F20A12AD262720096C9A3 /* BlurView.swift */; };
		EB5F20A42AD33D0E0096C9A3 /* Theme.swift in Sources */ = {isa = PBXBuildFile; fileRef = EB5F20A32AD33D0E0096C9A3 /* Theme.swift */; };
		EB5F20A62AD33F200096C9A3 /* InterviewModel.swift in Sources */ = {isa = PBXBuildFile; fileRef = EB5F20A52AD33F200096C9A3 /* InterviewModel.swift */; };
		EB5F20A82AD346F10096C9A3 /* SampleData.swift in Sources */ = {isa = PBXBuildFile; fileRef = EB5F20A72AD346F10096C9A3 /* SampleData.swift */; };
		EB5F20AA2AD348940096C9A3 /* CardView.swift in Sources */ = {isa = PBXBuildFile; fileRef = EB5F20A92AD348940096C9A3 /* CardView.swift */; };
		EB5F20AC2AD34D430096C9A3 /* Utilities.swift in Sources */ = {isa = PBXBuildFile; fileRef = EB5F20AB2AD34D430096C9A3 /* Utilities.swift */; };
		EBD35D3D2AD5F1F20076BE33 /* VisaSectionView.swift in Sources */ = {isa = PBXBuildFile; fileRef = EBD35D3C2AD5F1F20076BE33 /* VisaSectionView.swift */; };
		EBD35D3F2AD64EC00076BE33 /* CardFooterView.swift in Sources */ = {isa = PBXBuildFile; fileRef = EBD35D3E2AD64EBF0076BE33 /* CardFooterView.swift */; };
		EBD35D412AD6FDD00076BE33 /* PostionDetailSection.swift in Sources */ = {isa = PBXBuildFile; fileRef = EBD35D402AD6FDD00076BE33 /* PostionDetailSection.swift */; };
		EBD35D432AD71BAE0076BE33 /* NumericInput.swift in Sources */ = {isa = PBXBuildFile; fileRef = EBD35D422AD71BAE0076BE33 /* NumericInput.swift */; };
		EBD35D452AD747070076BE33 /* AddScreenViewRouterManager.swift in Sources */ = {isa = PBXBuildFile; fileRef = EBD35D442AD747070076BE33 /* AddScreenViewRouterManager.swift */; };
		EBD35D472AD7583D0076BE33 /* CoreModel.swift in Sources */ = {isa = PBXBuildFile; fileRef = EBD35D462AD7583D0076BE33 /* CoreModel.swift */; };
		EBD35D492AD9BF440076BE33 /* DownloadImagesAsync.swift in Sources */ = {isa = PBXBuildFile; fileRef = EBD35D482AD9BF440076BE33 /* DownloadImagesAsync.swift */; };
		EBD35D4B2ADA49E60076BE33 /* Debouncer.swift in Sources */ = {isa = PBXBuildFile; fileRef = EBD35D4A2ADA49E60076BE33 /* Debouncer.swift */; };
		EBED85A52ADAF90A00F25636 /* DropdownMenu.swift in Sources */ = {isa = PBXBuildFile; fileRef = EBED85A42ADAF90A00F25636 /* DropdownMenu.swift */; };
		EBED85A72ADB05B300F25636 /* DropdownMenuList.swift in Sources */ = {isa = PBXBuildFile; fileRef = EBED85A62ADB05B300F25636 /* DropdownMenuList.swift */; };
		EBED85A92ADB0BF200F25636 /* DropdownMenuOptionRow.swift in Sources */ = {isa = PBXBuildFile; fileRef = EBED85A82ADB0BF200F25636 /* DropdownMenuOptionRow.swift */; };
/* End PBXBuildFile section */

/* Begin PBXFileReference section */
		EB4679972AC0DBF00026ACC3 /* job hunter.app */ = {isa = PBXFileReference; explicitFileType = wrapper.application; includeInIndex = 0; path = "job hunter.app"; sourceTree = BUILT_PRODUCTS_DIR; };
		EB46799A2AC0DBF00026ACC3 /* job_hunterApp.swift */ = {isa = PBXFileReference; lastKnownFileType = sourcecode.swift; path = job_hunterApp.swift; sourceTree = "<group>"; };
		EB46799C2AC0DBF00026ACC3 /* ContentView.swift */ = {isa = PBXFileReference; lastKnownFileType = sourcecode.swift; path = ContentView.swift; sourceTree = "<group>"; };
		EB46799E2AC0DBF20026ACC3 /* Assets.xcassets */ = {isa = PBXFileReference; lastKnownFileType = folder.assetcatalog; path = Assets.xcassets; sourceTree = "<group>"; };
		EB4679A12AC0DBF20026ACC3 /* Preview Assets.xcassets */ = {isa = PBXFileReference; lastKnownFileType = folder.assetcatalog; path = "Preview Assets.xcassets"; sourceTree = "<group>"; };
		EB4679AE2AC0E2EE0026ACC3 /* HomeScreenView.swift */ = {isa = PBXFileReference; lastKnownFileType = sourcecode.swift; path = HomeScreenView.swift; sourceTree = "<group>"; };
		EB4679E12AC1F1920026ACC3 /* Data.swift */ = {isa = PBXFileReference; lastKnownFileType = sourcecode.swift; path = Data.swift; sourceTree = "<group>"; };
		EB4679E32AC1F2E00026ACC3 /* InterviewDetail.swift */ = {isa = PBXFileReference; lastKnownFileType = sourcecode.swift; path = InterviewDetail.swift; sourceTree = "<group>"; };
		EB4679E52AC9F63E0026ACC3 /* BasicFields.swift */ = {isa = PBXFileReference; lastKnownFileType = sourcecode.swift; path = BasicFields.swift; sourceTree = "<group>"; };
		EB4679E72ACCB5AF0026ACC3 /* CustomTabView.swift */ = {isa = PBXFileReference; lastKnownFileType = sourcecode.swift; path = CustomTabView.swift; sourceTree = "<group>"; };
		EB4679E92ACCBDFC0026ACC3 /* TabButtonView.swift */ = {isa = PBXFileReference; lastKnownFileType = sourcecode.swift; path = TabButtonView.swift; sourceTree = "<group>"; };
		EB4679ED2ACCBE680026ACC3 /* ProfileScreenView.swift */ = {isa = PBXFileReference; lastKnownFileType = sourcecode.swift; path = ProfileScreenView.swift; sourceTree = "<group>"; };
		EB4679F32ACE590A0026ACC3 /* PopUpMenu.swift */ = {isa = PBXFileReference; lastKnownFileType = sourcecode.swift; path = PopUpMenu.swift; sourceTree = "<group>"; };
		EB4679F62ACE610B0026ACC3 /* TabMenuIcon.swift */ = {isa = PBXFileReference; lastKnownFileType = sourcecode.swift; path = TabMenuIcon.swift; sourceTree = "<group>"; };
		EB4679F92ACF1E7E0026ACC3 /* AddPendingScreen.swift */ = {isa = PBXFileReference; lastKnownFileType = sourcecode.swift; path = AddPendingScreen.swift; sourceTree = "<group>"; };
		EB4679FB2ACF1E930026ACC3 /* AddSucceedScreen.swift */ = {isa = PBXFileReference; lastKnownFileType = sourcecode.swift; path = AddSucceedScreen.swift; sourceTree = "<group>"; };
		EB4679FD2ACF1EA20026ACC3 /* AddRejectedScreen.swift */ = {isa = PBXFileReference; lastKnownFileType = sourcecode.swift; path = AddRejectedScreen.swift; sourceTree = "<group>"; };
		EB467A012ACF424A0026ACC3 /* AddInterviewModel.swift */ = {isa = PBXFileReference; lastKnownFileType = sourcecode.swift; path = AddInterviewModel.swift; sourceTree = "<group>"; };
		EB5322BF2ADC62CC00004E9C /* VisualEffectView.swift */ = {isa = PBXFileReference; lastKnownFileType = sourcecode.swift; path = VisualEffectView.swift; sourceTree = "<group>"; };
		EB5322C12ADC646100004E9C /* AsyncImageView.swift */ = {isa = PBXFileReference; lastKnownFileType = sourcecode.swift; path = AsyncImageView.swift; sourceTree = "<group>"; };
		EB5322C32ADC76EA00004E9C /* ClearbitViewModel.swift */ = {isa = PBXFileReference; lastKnownFileType = sourcecode.swift; path = ClearbitViewModel.swift; sourceTree = "<group>"; };
		EB5322C52ADC772300004E9C /* CustomizedTextField.swift */ = {isa = PBXFileReference; lastKnownFileType = sourcecode.swift; path = CustomizedTextField.swift; sourceTree = "<group>"; };
		EB5F209D2AD1BBCD0096C9A3 /* DynamicRow.swift */ = {isa = PBXFileReference; lastKnownFileType = sourcecode.swift; path = DynamicRow.swift; sourceTree = "<group>"; };
		EB5F209F2AD1D7450096C9A3 /* DebugView.swift */ = {isa = PBXFileReference; lastKnownFileType = sourcecode.swift; path = DebugView.swift; sourceTree = "<group>"; };
		EB5F20A12AD262720096C9A3 /* BlurView.swift */ = {isa = PBXFileReference; lastKnownFileType = sourcecode.swift; path = BlurView.swift; sourceTree = "<group>"; };
		EB5F20A32AD33D0E0096C9A3 /* Theme.swift */ = {isa = PBXFileReference; lastKnownFileType = sourcecode.swift; path = Theme.swift; sourceTree = "<group>"; };
		EB5F20A52AD33F200096C9A3 /* InterviewModel.swift */ = {isa = PBXFileReference; lastKnownFileType = sourcecode.swift; path = InterviewModel.swift; sourceTree = "<group>"; };
		EB5F20A72AD346F10096C9A3 /* SampleData.swift */ = {isa = PBXFileReference; lastKnownFileType = sourcecode.swift; path = SampleData.swift; sourceTree = "<group>"; };
		EB5F20A92AD348940096C9A3 /* CardView.swift */ = {isa = PBXFileReference; lastKnownFileType = sourcecode.swift; path = CardView.swift; sourceTree = "<group>"; };
		EB5F20AB2AD34D430096C9A3 /* Utilities.swift */ = {isa = PBXFileReference; lastKnownFileType = sourcecode.swift; path = Utilities.swift; sourceTree = "<group>"; };
		EBD35D3C2AD5F1F20076BE33 /* VisaSectionView.swift */ = {isa = PBXFileReference; lastKnownFileType = sourcecode.swift; path = VisaSectionView.swift; sourceTree = "<group>"; };
		EBD35D3E2AD64EBF0076BE33 /* CardFooterView.swift */ = {isa = PBXFileReference; lastKnownFileType = sourcecode.swift; path = CardFooterView.swift; sourceTree = "<group>"; };
		EBD35D402AD6FDD00076BE33 /* PostionDetailSection.swift */ = {isa = PBXFileReference; lastKnownFileType = sourcecode.swift; path = PostionDetailSection.swift; sourceTree = "<group>"; };
		EBD35D422AD71BAE0076BE33 /* NumericInput.swift */ = {isa = PBXFileReference; lastKnownFileType = sourcecode.swift; path = NumericInput.swift; sourceTree = "<group>"; };
		EBD35D442AD747070076BE33 /* AddScreenViewRouterManager.swift */ = {isa = PBXFileReference; lastKnownFileType = sourcecode.swift; path = AddScreenViewRouterManager.swift; sourceTree = "<group>"; };
		EBD35D462AD7583D0076BE33 /* CoreModel.swift */ = {isa = PBXFileReference; lastKnownFileType = sourcecode.swift; path = CoreModel.swift; sourceTree = "<group>"; };
		EBD35D482AD9BF440076BE33 /* DownloadImagesAsync.swift */ = {isa = PBXFileReference; lastKnownFileType = sourcecode.swift; path = DownloadImagesAsync.swift; sourceTree = "<group>"; };
		EBD35D4A2ADA49E60076BE33 /* Debouncer.swift */ = {isa = PBXFileReference; lastKnownFileType = sourcecode.swift; path = Debouncer.swift; sourceTree = "<group>"; };
		EBED85A42ADAF90A00F25636 /* DropdownMenu.swift */ = {isa = PBXFileReference; lastKnownFileType = sourcecode.swift; path = DropdownMenu.swift; sourceTree = "<group>"; };
		EBED85A62ADB05B300F25636 /* DropdownMenuList.swift */ = {isa = PBXFileReference; lastKnownFileType = sourcecode.swift; path = DropdownMenuList.swift; sourceTree = "<group>"; };
		EBED85A82ADB0BF200F25636 /* DropdownMenuOptionRow.swift */ = {isa = PBXFileReference; lastKnownFileType = sourcecode.swift; path = DropdownMenuOptionRow.swift; sourceTree = "<group>"; };
/* End PBXFileReference section */

/* Begin PBXFrameworksBuildPhase section */
		EB4679942AC0DBF00026ACC3 /* Frameworks */ = {
			isa = PBXFrameworksBuildPhase;
			buildActionMask = 2147483647;
			files = (
			);
			runOnlyForDeploymentPostprocessing = 0;
		};
/* End PBXFrameworksBuildPhase section */

/* Begin PBXGroup section */
		EB46798E2AC0DBF00026ACC3 = {
			isa = PBXGroup;
			children = (
				EB4679992AC0DBF00026ACC3 /* job hunter */,
				EB4679982AC0DBF00026ACC3 /* Products */,
			);
			sourceTree = "<group>";
		};
		EB4679982AC0DBF00026ACC3 /* Products */ = {
			isa = PBXGroup;
			children = (
				EB4679972AC0DBF00026ACC3 /* job hunter.app */,
			);
			name = Products;
			sourceTree = "<group>";
		};
		EB4679992AC0DBF00026ACC3 /* job hunter */ = {
			isa = PBXGroup;
			children = (
				EB46799A2AC0DBF00026ACC3 /* job_hunterApp.swift */,
				EB4679F02ACE2D310026ACC3 /* Models */,
				EB4679AA2AC0DCF00026ACC3 /* Screens */,
				EB46799E2AC0DBF20026ACC3 /* Assets.xcassets */,
				EB4679DE2AC1EAA80026ACC3 /* Component */,
				EB4679AB2AC0DD1D0026ACC3 /* Utility */,
				EB4679A02AC0DBF20026ACC3 /* Preview Content */,
			);
			path = "job hunter";
			sourceTree = "<group>";
		};
		EB4679A02AC0DBF20026ACC3 /* Preview Content */ = {
			isa = PBXGroup;
			children = (
				EB4679A12AC0DBF20026ACC3 /* Preview Assets.xcassets */,
			);
			path = "Preview Content";
			sourceTree = "<group>";
		};
		EB4679AA2AC0DCF00026ACC3 /* Screens */ = {
			isa = PBXGroup;
			children = (
				EB46799C2AC0DBF00026ACC3 /* ContentView.swift */,
				EB4679F82ACF1E640026ACC3 /* AddScreens */,
				EB4679ED2ACCBE680026ACC3 /* ProfileScreenView.swift */,
				EB4679AE2AC0E2EE0026ACC3 /* HomeScreenView.swift */,
			);
			path = Screens;
			sourceTree = "<group>";
		};
		EB4679AB2AC0DD1D0026ACC3 /* Utility */ = {
			isa = PBXGroup;
			children = (
				EB4679E12AC1F1920026ACC3 /* Data.swift */,
				EB5F209F2AD1D7450096C9A3 /* DebugView.swift */,
				EB5F20A72AD346F10096C9A3 /* SampleData.swift */,
				EB5F20AB2AD34D430096C9A3 /* Utilities.swift */,
				EBD35D4A2ADA49E60076BE33 /* Debouncer.swift */,
			);
			path = Utility;
			sourceTree = "<group>";
		};
		EB4679DE2AC1EAA80026ACC3 /* Component */ = {
			isa = PBXGroup;
			children = (
				EBED85A32ADAF8ED00F25636 /* DropdownMenu */,
				EBD35D3B2AD5F1B80076BE33 /* CardView */,
				EB4679F52ACE60320026ACC3 /* BottomTab */,
				EB4679E32AC1F2E00026ACC3 /* InterviewDetail.swift */,
				EB4679F32ACE590A0026ACC3 /* PopUpMenu.swift */,
				EB5F20A12AD262720096C9A3 /* BlurView.swift */,
				EBD35D422AD71BAE0076BE33 /* NumericInput.swift */,
				EB5322BF2ADC62CC00004E9C /* VisualEffectView.swift */,
				EB5322C12ADC646100004E9C /* AsyncImageView.swift */,
				EB5322C52ADC772300004E9C /* CustomizedTextField.swift */,
			);
			path = Component;
			sourceTree = "<group>";
		};
		EB4679F02ACE2D310026ACC3 /* Models */ = {
			isa = PBXGroup;
			children = (
				EBD35D462AD7583D0076BE33 /* CoreModel.swift */,
				EBD35D442AD747070076BE33 /* AddScreenViewRouterManager.swift */,
				EB467A012ACF424A0026ACC3 /* AddInterviewModel.swift */,
				EB5F20A32AD33D0E0096C9A3 /* Theme.swift */,
				EB5F20A52AD33F200096C9A3 /* InterviewModel.swift */,
				EB5322C32ADC76EA00004E9C /* ClearbitViewModel.swift */,
			);
			path = Models;
			sourceTree = "<group>";
		};
		EB4679F52ACE60320026ACC3 /* BottomTab */ = {
			isa = PBXGroup;
			children = (
				EB4679E72ACCB5AF0026ACC3 /* CustomTabView.swift */,
				EB4679E92ACCBDFC0026ACC3 /* TabButtonView.swift */,
				EB4679F62ACE610B0026ACC3 /* TabMenuIcon.swift */,
			);
			path = BottomTab;
			sourceTree = "<group>";
		};
		EB4679F82ACF1E640026ACC3 /* AddScreens */ = {
			isa = PBXGroup;
			children = (
				EB4679E52AC9F63E0026ACC3 /* BasicFields.swift */,
				EB5F209C2AD1BBA30096C9A3 /* PendingScreen */,
				EB4679FB2ACF1E930026ACC3 /* AddSucceedScreen.swift */,
				EB4679FD2ACF1EA20026ACC3 /* AddRejectedScreen.swift */,
				EBD35D482AD9BF440076BE33 /* DownloadImagesAsync.swift */,
			);
			path = AddScreens;
			sourceTree = "<group>";
		};
		EB5F209C2AD1BBA30096C9A3 /* PendingScreen */ = {
			isa = PBXGroup;
			children = (
				EB4679F92ACF1E7E0026ACC3 /* AddPendingScreen.swift */,
				EB5F209D2AD1BBCD0096C9A3 /* DynamicRow.swift */,
				EBD35D402AD6FDD00076BE33 /* PostionDetailSection.swift */,
			);
			path = PendingScreen;
			sourceTree = "<group>";
		};
		EBD35D3B2AD5F1B80076BE33 /* CardView */ = {
			isa = PBXGroup;
			children = (
				EB5F20A92AD348940096C9A3 /* CardView.swift */,
				EBD35D3C2AD5F1F20076BE33 /* VisaSectionView.swift */,
				EBD35D3E2AD64EBF0076BE33 /* CardFooterView.swift */,
			);
			path = CardView;
			sourceTree = "<group>";
		};
		EBED85A32ADAF8ED00F25636 /* DropdownMenu */ = {
			isa = PBXGroup;
			children = (
				EBED85A42ADAF90A00F25636 /* DropdownMenu.swift */,
				EBED85A62ADB05B300F25636 /* DropdownMenuList.swift */,
				EBED85A82ADB0BF200F25636 /* DropdownMenuOptionRow.swift */,
			);
			path = DropdownMenu;
			sourceTree = "<group>";
		};
/* End PBXGroup section */

/* Begin PBXNativeTarget section */
		EB4679962AC0DBF00026ACC3 /* job hunter */ = {
			isa = PBXNativeTarget;
			buildConfigurationList = EB4679A52AC0DBF20026ACC3 /* Build configuration list for PBXNativeTarget "job hunter" */;
			buildPhases = (
				EB4679932AC0DBF00026ACC3 /* Sources */,
				EB4679942AC0DBF00026ACC3 /* Frameworks */,
				EB4679952AC0DBF00026ACC3 /* Resources */,
			);
			buildRules = (
			);
			dependencies = (
			);
			name = "job hunter";
			productName = "job hunter";
			productReference = EB4679972AC0DBF00026ACC3 /* job hunter.app */;
			productType = "com.apple.product-type.application";
		};
/* End PBXNativeTarget section */

/* Begin PBXProject section */
		EB46798F2AC0DBF00026ACC3 /* Project object */ = {
			isa = PBXProject;
			attributes = {
				BuildIndependentTargetsInParallel = 1;
				LastSwiftUpdateCheck = 1430;
				LastUpgradeCheck = 1430;
				TargetAttributes = {
					EB4679962AC0DBF00026ACC3 = {
						CreatedOnToolsVersion = 14.3.1;
					};
				};
			};
			buildConfigurationList = EB4679922AC0DBF00026ACC3 /* Build configuration list for PBXProject "job hunter" */;
			compatibilityVersion = "Xcode 14.0";
			developmentRegion = en;
			hasScannedForEncodings = 0;
			knownRegions = (
				en,
				Base,
			);
			mainGroup = EB46798E2AC0DBF00026ACC3;
			productRefGroup = EB4679982AC0DBF00026ACC3 /* Products */;
			projectDirPath = "";
			projectRoot = "";
			targets = (
				EB4679962AC0DBF00026ACC3 /* job hunter */,
			);
		};
/* End PBXProject section */

/* Begin PBXResourcesBuildPhase section */
		EB4679952AC0DBF00026ACC3 /* Resources */ = {
			isa = PBXResourcesBuildPhase;
			buildActionMask = 2147483647;
			files = (
				EB4679A22AC0DBF20026ACC3 /* Preview Assets.xcassets in Resources */,
				EB46799F2AC0DBF20026ACC3 /* Assets.xcassets in Resources */,
			);
			runOnlyForDeploymentPostprocessing = 0;
		};
/* End PBXResourcesBuildPhase section */

/* Begin PBXSourcesBuildPhase section */
		EB4679932AC0DBF00026ACC3 /* Sources */ = {
			isa = PBXSourcesBuildPhase;
			buildActionMask = 2147483647;
			files = (
				EB5F20A82AD346F10096C9A3 /* SampleData.swift in Sources */,
				EB467A022ACF424A0026ACC3 /* AddInterviewModel.swift in Sources */,
				EBD35D432AD71BAE0076BE33 /* NumericInput.swift in Sources */,
				EB5F209E2AD1BBCD0096C9A3 /* DynamicRow.swift in Sources */,
				EB4679FE2ACF1EA20026ACC3 /* AddRejectedScreen.swift in Sources */,
				EB4679EE2ACCBE680026ACC3 /* ProfileScreenView.swift in Sources */,
				EB46799D2AC0DBF00026ACC3 /* ContentView.swift in Sources */,
				EB5F20A42AD33D0E0096C9A3 /* Theme.swift in Sources */,
				EB4679E22AC1F1920026ACC3 /* Data.swift in Sources */,
				EBD35D412AD6FDD00076BE33 /* PostionDetailSection.swift in Sources */,
				EBED85A72ADB05B300F25636 /* DropdownMenuList.swift in Sources */,
				EBD35D472AD7583D0076BE33 /* CoreModel.swift in Sources */,
				EBD35D3D2AD5F1F20076BE33 /* VisaSectionView.swift in Sources */,
				EB4679EA2ACCBDFC0026ACC3 /* TabButtonView.swift in Sources */,
				EB4679FA2ACF1E7E0026ACC3 /* AddPendingScreen.swift in Sources */,
				EB4679E62AC9F63E0026ACC3 /* BasicFields.swift in Sources */,
				EB5322C42ADC76EA00004E9C /* ClearbitViewModel.swift in Sources */,
				EBED85A52ADAF90A00F25636 /* DropdownMenu.swift in Sources */,
				EB46799B2AC0DBF00026ACC3 /* job_hunterApp.swift in Sources */,
				EBD35D492AD9BF440076BE33 /* DownloadImagesAsync.swift in Sources */,
				EBD35D4B2ADA49E60076BE33 /* Debouncer.swift in Sources */,
				EBD35D452AD747070076BE33 /* AddScreenViewRouterManager.swift in Sources */,
				EB4679E42AC1F2E00026ACC3 /* InterviewDetail.swift in Sources */,
				EBED85A92ADB0BF200F25636 /* DropdownMenuOptionRow.swift in Sources */,
				EB5322C22ADC646100004E9C /* AsyncImageView.swift in Sources */,
				EB4679E82ACCB5AF0026ACC3 /* CustomTabView.swift in Sources */,
				EB4679AF2AC0E2EE0026ACC3 /* HomeScreenView.swift in Sources */,
				EB4679F72ACE610B0026ACC3 /* TabMenuIcon.swift in Sources */,
				EBD35D3F2AD64EC00076BE33 /* CardFooterView.swift in Sources */,
				EB4679FC2ACF1E930026ACC3 /* AddSucceedScreen.swift in Sources */,
				EB5F20A62AD33F200096C9A3 /* InterviewModel.swift in Sources */,
				EB5F20A02AD1D7450096C9A3 /* DebugView.swift in Sources */,
				EB5322C02ADC62CC00004E9C /* VisualEffectView.swift in Sources */,
				EB5F20A22AD262720096C9A3 /* BlurView.swift in Sources */,
				EB5322C62ADC772300004E9C /* CustomizedTextField.swift in Sources */,
				EB4679F42ACE590A0026ACC3 /* PopUpMenu.swift in Sources */,
				EB5F20AA2AD348940096C9A3 /* CardView.swift in Sources */,
				EB5F20AC2AD34D430096C9A3 /* Utilities.swift in Sources */,
			);
			runOnlyForDeploymentPostprocessing = 0;
		};
/* End PBXSourcesBuildPhase section */

/* Begin XCBuildConfiguration section */
		EB4679A32AC0DBF20026ACC3 /* Debug */ = {
			isa = XCBuildConfiguration;
			buildSettings = {
				ALWAYS_SEARCH_USER_PATHS = NO;
				CLANG_ANALYZER_NONNULL = YES;
				CLANG_ANALYZER_NUMBER_OBJECT_CONVERSION = YES_AGGRESSIVE;
				CLANG_CXX_LANGUAGE_STANDARD = "gnu++20";
				CLANG_ENABLE_MODULES = YES;
				CLANG_ENABLE_OBJC_ARC = YES;
				CLANG_ENABLE_OBJC_WEAK = YES;
				CLANG_WARN_BLOCK_CAPTURE_AUTORELEASING = YES;
				CLANG_WARN_BOOL_CONVERSION = YES;
				CLANG_WARN_COMMA = YES;
				CLANG_WARN_CONSTANT_CONVERSION = YES;
				CLANG_WARN_DEPRECATED_OBJC_IMPLEMENTATIONS = YES;
				CLANG_WARN_DIRECT_OBJC_ISA_USAGE = YES_ERROR;
				CLANG_WARN_DOCUMENTATION_COMMENTS = YES;
				CLANG_WARN_EMPTY_BODY = YES;
				CLANG_WARN_ENUM_CONVERSION = YES;
				CLANG_WARN_INFINITE_RECURSION = YES;
				CLANG_WARN_INT_CONVERSION = YES;
				CLANG_WARN_NON_LITERAL_NULL_CONVERSION = YES;
				CLANG_WARN_OBJC_IMPLICIT_RETAIN_SELF = YES;
				CLANG_WARN_OBJC_LITERAL_CONVERSION = YES;
				CLANG_WARN_OBJC_ROOT_CLASS = YES_ERROR;
				CLANG_WARN_QUOTED_INCLUDE_IN_FRAMEWORK_HEADER = YES;
				CLANG_WARN_RANGE_LOOP_ANALYSIS = YES;
				CLANG_WARN_STRICT_PROTOTYPES = YES;
				CLANG_WARN_SUSPICIOUS_MOVE = YES;
				CLANG_WARN_UNGUARDED_AVAILABILITY = YES_AGGRESSIVE;
				CLANG_WARN_UNREACHABLE_CODE = YES;
				CLANG_WARN__DUPLICATE_METHOD_MATCH = YES;
				COPY_PHASE_STRIP = NO;
				DEBUG_INFORMATION_FORMAT = dwarf;
				ENABLE_STRICT_OBJC_MSGSEND = YES;
				ENABLE_TESTABILITY = YES;
				GCC_C_LANGUAGE_STANDARD = gnu11;
				GCC_DYNAMIC_NO_PIC = NO;
				GCC_NO_COMMON_BLOCKS = YES;
				GCC_OPTIMIZATION_LEVEL = 0;
				GCC_PREPROCESSOR_DEFINITIONS = (
					"DEBUG=1",
					"$(inherited)",
				);
				GCC_WARN_64_TO_32_BIT_CONVERSION = YES;
				GCC_WARN_ABOUT_RETURN_TYPE = YES_ERROR;
				GCC_WARN_UNDECLARED_SELECTOR = YES;
				GCC_WARN_UNINITIALIZED_AUTOS = YES_AGGRESSIVE;
				GCC_WARN_UNUSED_FUNCTION = YES;
				GCC_WARN_UNUSED_VARIABLE = YES;
				IPHONEOS_DEPLOYMENT_TARGET = 16.4;
				MTL_ENABLE_DEBUG_INFO = INCLUDE_SOURCE;
				MTL_FAST_MATH = YES;
				ONLY_ACTIVE_ARCH = YES;
				SDKROOT = iphoneos;
				SWIFT_ACTIVE_COMPILATION_CONDITIONS = DEBUG;
				SWIFT_OPTIMIZATION_LEVEL = "-Onone";
			};
			name = Debug;
		};
		EB4679A42AC0DBF20026ACC3 /* Release */ = {
			isa = XCBuildConfiguration;
			buildSettings = {
				ALWAYS_SEARCH_USER_PATHS = NO;
				CLANG_ANALYZER_NONNULL = YES;
				CLANG_ANALYZER_NUMBER_OBJECT_CONVERSION = YES_AGGRESSIVE;
				CLANG_CXX_LANGUAGE_STANDARD = "gnu++20";
				CLANG_ENABLE_MODULES = YES;
				CLANG_ENABLE_OBJC_ARC = YES;
				CLANG_ENABLE_OBJC_WEAK = YES;
				CLANG_WARN_BLOCK_CAPTURE_AUTORELEASING = YES;
				CLANG_WARN_BOOL_CONVERSION = YES;
				CLANG_WARN_COMMA = YES;
				CLANG_WARN_CONSTANT_CONVERSION = YES;
				CLANG_WARN_DEPRECATED_OBJC_IMPLEMENTATIONS = YES;
				CLANG_WARN_DIRECT_OBJC_ISA_USAGE = YES_ERROR;
				CLANG_WARN_DOCUMENTATION_COMMENTS = YES;
				CLANG_WARN_EMPTY_BODY = YES;
				CLANG_WARN_ENUM_CONVERSION = YES;
				CLANG_WARN_INFINITE_RECURSION = YES;
				CLANG_WARN_INT_CONVERSION = YES;
				CLANG_WARN_NON_LITERAL_NULL_CONVERSION = YES;
				CLANG_WARN_OBJC_IMPLICIT_RETAIN_SELF = YES;
				CLANG_WARN_OBJC_LITERAL_CONVERSION = YES;
				CLANG_WARN_OBJC_ROOT_CLASS = YES_ERROR;
				CLANG_WARN_QUOTED_INCLUDE_IN_FRAMEWORK_HEADER = YES;
				CLANG_WARN_RANGE_LOOP_ANALYSIS = YES;
				CLANG_WARN_STRICT_PROTOTYPES = YES;
				CLANG_WARN_SUSPICIOUS_MOVE = YES;
				CLANG_WARN_UNGUARDED_AVAILABILITY = YES_AGGRESSIVE;
				CLANG_WARN_UNREACHABLE_CODE = YES;
				CLANG_WARN__DUPLICATE_METHOD_MATCH = YES;
				COPY_PHASE_STRIP = NO;
				DEBUG_INFORMATION_FORMAT = "dwarf-with-dsym";
				ENABLE_NS_ASSERTIONS = NO;
				ENABLE_STRICT_OBJC_MSGSEND = YES;
				GCC_C_LANGUAGE_STANDARD = gnu11;
				GCC_NO_COMMON_BLOCKS = YES;
				GCC_WARN_64_TO_32_BIT_CONVERSION = YES;
				GCC_WARN_ABOUT_RETURN_TYPE = YES_ERROR;
				GCC_WARN_UNDECLARED_SELECTOR = YES;
				GCC_WARN_UNINITIALIZED_AUTOS = YES_AGGRESSIVE;
				GCC_WARN_UNUSED_FUNCTION = YES;
				GCC_WARN_UNUSED_VARIABLE = YES;
				IPHONEOS_DEPLOYMENT_TARGET = 16.4;
				MTL_ENABLE_DEBUG_INFO = NO;
				MTL_FAST_MATH = YES;
				SDKROOT = iphoneos;
				SWIFT_COMPILATION_MODE = wholemodule;
				SWIFT_OPTIMIZATION_LEVEL = "-O";
				VALIDATE_PRODUCT = YES;
			};
			name = Release;
		};
		EB4679A62AC0DBF20026ACC3 /* Debug */ = {
			isa = XCBuildConfiguration;
			buildSettings = {
				ASSETCATALOG_COMPILER_APPICON_NAME = AppIcon;
				ASSETCATALOG_COMPILER_GLOBAL_ACCENT_COLOR_NAME = AccentColor;
				CODE_SIGN_STYLE = Automatic;
				CURRENT_PROJECT_VERSION = 1;
				DEVELOPMENT_ASSET_PATHS = "\"job hunter/Preview Content\"";
				DEVELOPMENT_TEAM = L9BAQ636P7;
				ENABLE_PREVIEWS = YES;
				GENERATE_INFOPLIST_FILE = YES;
				INFOPLIST_KEY_UIApplicationSceneManifest_Generation = YES;
				INFOPLIST_KEY_UIApplicationSupportsIndirectInputEvents = YES;
				INFOPLIST_KEY_UILaunchScreen_Generation = YES;
				INFOPLIST_KEY_UISupportedInterfaceOrientations = UIInterfaceOrientationPortrait;
				INFOPLIST_KEY_UISupportedInterfaceOrientations_iPad = "UIInterfaceOrientationLandscapeLeft UIInterfaceOrientationLandscapeRight UIInterfaceOrientationPortrait UIInterfaceOrientationPortraitUpsideDown";
				INFOPLIST_KEY_UIUserInterfaceStyle = Dark;
				IPHONEOS_DEPLOYMENT_TARGET = 17.0;
				LD_RUNPATH_SEARCH_PATHS = (
					"$(inherited)",
					"@executable_path/Frameworks",
				);
				MARKETING_VERSION = 1.0;
				PRODUCT_BUNDLE_IDENTIFIER = "com.qingyuanhub.job-hunter";
				PRODUCT_NAME = "$(TARGET_NAME)";
				SWIFT_EMIT_LOC_STRINGS = YES;
				SWIFT_VERSION = 5.0;
				TARGETED_DEVICE_FAMILY = "1,2";
			};
			name = Debug;
		};
		EB4679A72AC0DBF20026ACC3 /* Release */ = {
			isa = XCBuildConfiguration;
			buildSettings = {
				ASSETCATALOG_COMPILER_APPICON_NAME = AppIcon;
				ASSETCATALOG_COMPILER_GLOBAL_ACCENT_COLOR_NAME = AccentColor;
				CODE_SIGN_STYLE = Automatic;
				CURRENT_PROJECT_VERSION = 1;
				DEVELOPMENT_ASSET_PATHS = "\"job hunter/Preview Content\"";
				DEVELOPMENT_TEAM = L9BAQ636P7;
				ENABLE_PREVIEWS = YES;
				GENERATE_INFOPLIST_FILE = YES;
				INFOPLIST_KEY_UIApplicationSceneManifest_Generation = YES;
				INFOPLIST_KEY_UIApplicationSupportsIndirectInputEvents = YES;
				INFOPLIST_KEY_UILaunchScreen_Generation = YES;
				INFOPLIST_KEY_UISupportedInterfaceOrientations = UIInterfaceOrientationPortrait;
				INFOPLIST_KEY_UISupportedInterfaceOrientations_iPad = "UIInterfaceOrientationLandscapeLeft UIInterfaceOrientationLandscapeRight UIInterfaceOrientationPortrait UIInterfaceOrientationPortraitUpsideDown";
				INFOPLIST_KEY_UIUserInterfaceStyle = Dark;
				IPHONEOS_DEPLOYMENT_TARGET = 17.0;
				LD_RUNPATH_SEARCH_PATHS = (
					"$(inherited)",
					"@executable_path/Frameworks",
				);
				MARKETING_VERSION = 1.0;
				PRODUCT_BUNDLE_IDENTIFIER = "com.qingyuanhub.job-hunter";
				PRODUCT_NAME = "$(TARGET_NAME)";
				SWIFT_EMIT_LOC_STRINGS = YES;
				SWIFT_VERSION = 5.0;
				TARGETED_DEVICE_FAMILY = "1,2";
			};
			name = Release;
		};
/* End XCBuildConfiguration section */

/* Begin XCConfigurationList section */
		EB4679922AC0DBF00026ACC3 /* Build configuration list for PBXProject "job hunter" */ = {
			isa = XCConfigurationList;
			buildConfigurations = (
				EB4679A32AC0DBF20026ACC3 /* Debug */,
				EB4679A42AC0DBF20026ACC3 /* Release */,
			);
			defaultConfigurationIsVisible = 0;
			defaultConfigurationName = Release;
		};
		EB4679A52AC0DBF20026ACC3 /* Build configuration list for PBXNativeTarget "job hunter" */ = {
			isa = XCConfigurationList;
			buildConfigurations = (
				EB4679A62AC0DBF20026ACC3 /* Debug */,
				EB4679A72AC0DBF20026ACC3 /* Release */,
			);
			defaultConfigurationIsVisible = 0;
			defaultConfigurationName = Release;
		};
/* End XCConfigurationList section */
	};
	rootObject = EB46798F2AC0DBF00026ACC3 /* Project object */;
}
